<?xml version="1.0" encoding="utf-8"?>
<Project ToolsVersion="4.0" xmlns="http://schemas.microsoft.com/developer/msbuild/2003">
  <ItemGroup>
    <Filter Include="Archivos de origen">
      <UniqueIdentifier>{4FC737F1-C7A5-4376-A066-2A32D752A2FF}</UniqueIdentifier>
      <Extensions>cpp;c;cc;cxx;def;odl;idl;hpj;bat;asm;asmx</Extensions>
    </Filter>
    <Filter Include="Archivos de encabezado">
      <UniqueIdentifier>{93995380-89BD-4b04-88EB-625FBE52EBFB}</UniqueIdentifier>
      <Extensions>h;hh;hpp;hxx;hm;inl;inc;ipp;xsd</Extensions>
    </Filter>
    <Filter Include="Archivos de recursos">
      <UniqueIdentifier>{67DA6AB6-F800-4c08-8B7A-83BB121AAD01}</UniqueIdentifier>
      <Extensions>rc;ico;cur;bmp;dlg;rc2;rct;bin;rgs;gif;jpg;jpeg;jpe;resx;tiff;tif;png;wav;mfcribbon-ms</Extensions>
    </Filter>
    <Filter Include="States">
      <UniqueIdentifier>{40d3fb76-03e1-4523-ba14-13b304348c9c}</UniqueIdentifier>
    </Filter>
    <Filter Include="Skills">
      <UniqueIdentifier>{b02e1762-7ce6-4ea7-858c-3894e4d32b40}</UniqueIdentifier>
    </Filter>
  </ItemGroup>
  <ItemGroup>
    <ClInclude Include="PlayerMovement.h">
      <Filter>Archivos de encabezado</Filter>
    </ClInclude>
    <ClInclude Include="PlayerState.h">
      <Filter>States</Filter>
    </ClInclude>
    <ClInclude Include="PlayerStateIdle.h">
      <Filter>States</Filter>
    </ClInclude>
    <ClInclude Include="PlayerStateDash.h">
      <Filter>States</Filter>
    </ClInclude>
    <ClInclude Include="PlayerStateDeath.h">
      <Filter>States</Filter>
    </ClInclude>
    <ClInclude Include="PlayerStateUppercut.h">
      <Filter>States</Filter>
    </ClInclude>
    <ClInclude Include="PlayerStateWalk.h">
      <Filter>States</Filter>
    </ClInclude>
    <ClInclude Include="PlayerStateFirstAttack.h">
      <Filter>States</Filter>
    </ClInclude>
    <ClInclude Include="PlayerStateSecondAttack.h">
      <Filter>States</Filter>
    </ClInclude>
    <ClInclude Include="PlayerStateThirdAttack.h">
      <Filter>States</Filter>
    </ClInclude>
    <ClInclude Include="PlayerStateAttack.h">
      <Filter>States</Filter>
    </ClInclude>
    <ClInclude Include="BaseSkill.h">
      <Filter>Skills</Filter>
    </ClInclude>
    <ClInclude Include="MeleeSkill.h">
      <Filter>Skills</Filter>
    </ClInclude>
    <ClInclude Include="SliceSkill.h">
      <Filter>Skills</Filter>
    </ClInclude>
  </ItemGroup>
  <ItemGroup>
    <ClCompile Include="PlayerMovement.cpp">
      <Filter>Archivos de origen</Filter>
    </ClCompile>
    <ClCompile Include="PlayerState.cpp">
      <Filter>States</Filter>
    </ClCompile>
    <ClCompile Include="PlayerStateIdle.cpp">
      <Filter>States</Filter>
    </ClCompile>
    <ClCompile Include="PlayerStateDash.cpp">
      <Filter>States</Filter>
    </ClCompile>
    <ClCompile Include="PlayerStateDeath.cpp">
      <Filter>States</Filter>
    </ClCompile>
    <ClCompile Include="PlayerStateUppercut.cpp">
      <Filter>States</Filter>
    </ClCompile>
    <ClCompile Include="PlayerStateWalk.cpp">
      <Filter>States</Filter>
    </ClCompile>
    <ClCompile Include="PlayerStateFirstAttack.cpp">
      <Filter>States</Filter>
    </ClCompile>
    <ClCompile Include="PlayerStateSecondAttack.cpp">
      <Filter>States</Filter>
    </ClCompile>
    <ClCompile Include="PlayerStateThirdAttack.cpp">
      <Filter>States</Filter>
    </ClCompile>
    <ClCompile Include="PlayerStateAttack.cpp">
      <Filter>States</Filter>
    </ClCompile>
    <ClCompile Include="BaseSkill.cpp">
      <Filter>Skills</Filter>
    </ClCompile>
    <ClCompile Include="MeleeSkill.cpp">
      <Filter>Skills</Filter>
    </ClCompile>
    <ClCompile Include="SliceSkill.cpp">
      <Filter>Skills</Filter>
    </ClCompile>
  </ItemGroup>
</Project>