Microsoft Visual Studio Solution File, Format Version 12.00
# Visual Studio 15
VisualStudioVersion = 15.0.27703.2042
MinimumVisualStudioVersion = 10.0.40219.1
Project("{8BC9CEB8-8B4A-11D0-8D11-00A0C91BC942}") = "Engine", "Source\Engine.vcxproj", "{746CC4C3-787F-4B0E-AA66-E388FE3FF4F6}"
EndProject
Project("{8BC9CEB8-8B4A-11D0-8D11-00A0C91BC942}") = "PlayerMovement", "Scripts\PlayerMovement\PlayerMovement.vcxproj", "{DA319D4A-70A8-42C8-A54F-DB7EAD02CA0D}"
EndProject
Project("{2150E333-8FDC-42A3-9474-1A3956D46DE8}") = "Scripts", "Scripts", "{B0BA8D83-BE07-4405-ADE1-C771D081A8CD}"
EndProject
Project("{8BC9CEB8-8B4A-11D0-8D11-00A0C91BC942}") = "ImGui", "Source\Imgui\ImGui.vcxproj", "{F6A7A8E0-7FB3-40EC-8ED9-B837E24FEF22}"
EndProject
Project("{8BC9CEB8-8B4A-11D0-8D11-00A0C91BC942}") = "GameLoop", "Scripts\GameLoop\GameLoop.vcxproj", "{A5975BB3-268D-4AAA-A04B-9398A16B9280}"
EndProject
Project("{8BC9CEB8-8B4A-11D0-8D11-00A0C91BC942}") = "IntroScript", "Scripts\IntroScript\IntroScript.vcxproj", "{55A33768-7FC9-40D5-9E16-9CC484F406BC}"
EndProject
Project("{8BC9CEB8-8B4A-11D0-8D11-00A0C91BC942}") = "CreditsScript", "Scripts\CreditsScript\CreditsScript.vcxproj", "{CF4ADE84-8B3D-45A4-80EF-5B52CC795B6C}"
EndProject
Project("{8BC9CEB8-8B4A-11D0-8D11-00A0C91BC942}") = "AudioSourceScript", "Scripts\AudioSourceScript\AudioSourceScript.vcxproj", "{AE49478A-9872-4FD7-97B4-92D1FA50CF30}"
EndProject
Project("{8BC9CEB8-8B4A-11D0-8D11-00A0C91BC942}") = "CameraController", "Scripts\CameraController\CameraController.vcxproj", "{EA91D26E-3AD6-4FB7-A70B-E6A0C2492857}"
EndProject
Project("{8BC9CEB8-8B4A-11D0-8D11-00A0C91BC942}") = "NPCController", "Scripts\NPCController\NPCController.vcxproj", "{CE7ED85F-5518-4871-BA55-1F86A12595AA}"
EndProject
Project("{8BC9CEB8-8B4A-11D0-8D11-00A0C91BC942}") = "ChestScript", "Scripts\ChestScript\ChestScript.vcxproj", "{6379EA41-3D83-4120-A8D0-1D1CFC523A3C}"
EndProject
Project("{8BC9CEB8-8B4A-11D0-8D11-00A0C91BC942}") = "BasicEnemyAIScript", "Scripts\BasicEnemyAIScript\BasicEnemyAIScript.vcxproj", "{B6EA4ADB-AB73-42A0-A2AB-D98F896178B3}"
EndProject
Project("{8BC9CEB8-8B4A-11D0-8D11-00A0C91BC942}") = "EnemyControllerScript", "Scripts\EnemyControllerScript\EnemyControllerScript.vcxproj", "{ACC36CC8-ADA1-4CFA-AE5A-C51CF877B885}"
EndProject
Project("{8BC9CEB8-8B4A-11D0-8D11-00A0C91BC942}") = "InventoryScript", "Scripts\InventoryScript\InventoryScript.vcxproj", "{354346CC-BE0D-40FE-A8A0-4C129057C5DD}"
EndProject
Project("{8BC9CEB8-8B4A-11D0-8D11-00A0C91BC942}") = "ItemPicker", "Scripts\ItemPicker\ItemPicker.vcxproj", "{669E38D3-7845-4CA4-99E5-387855B45F5C}"
EndProject
Project("{2150E333-8FDC-42A3-9474-1A3956D46DE8}") = "Enemy", "Enemy", "{81805A9C-91F4-47D8-B626-870F7D97377D}"
EndProject
Project("{8BC9CEB8-8B4A-11D0-8D11-00A0C91BC942}") = "HiddenEnemyAIScript", "Scripts\HiddenEnemyAIScript\HiddenEnemyAIScript.vcxproj", "{44CB8744-9EA6-487A-B1F9-611CAA45E98B}"
EndProject
Project("{8BC9CEB8-8B4A-11D0-8D11-00A0C91BC942}") = "RangeEnemyAIScript", "Scripts\RangeEnemyAIScript\RangeEnemyAIScript.vcxproj", "{BFB9C14B-F509-4DF1-9C7A-1A3337DE8A21}"
EndProject
Project("{8BC9CEB8-8B4A-11D0-8D11-00A0C91BC942}") = "DamageController", "Scripts\DamageController\DamageController.vcxproj", "{D8141FA2-E862-4706-A9F3-E8441C2B68FD}"
EndProject
Project("{8BC9CEB8-8B4A-11D0-8D11-00A0C91BC942}") = "MenuSoundsScript", "Scripts\MenuSoundsScript\MenuSoundsScript.vcxproj", "{105DD75E-6745-4554-992B-E9E8A4956B53}"
EndProject
Project("{8BC9CEB8-8B4A-11D0-8D11-00A0C91BC942}") = "DoorScript", "Scripts\DoorScript\DoorScript.vcxproj", "{AB1D1EAB-6B69-4048-A522-11D9FE75177B}"
EndProject
Project("{8BC9CEB8-8B4A-11D0-8D11-00A0C91BC942}") = "ProjectileScript", "Scripts\ProjectileScript\ProjectileScript.vcxproj", "{C8F06C07-DC7E-4EA9-BAA0-D19AAD547470}"
EndProject
Project("{8BC9CEB8-8B4A-11D0-8D11-00A0C91BC942}") = "EnemyLifeBarController", "Scripts\EnemyLifeBarController\EnemyLifeBarController.vcxproj", "{25A279F6-6460-43E6-83C1-59AB067F3F05}"
EndProject
Project("{8BC9CEB8-8B4A-11D0-8D11-00A0C91BC942}") = "MathGeoLib", "Source\MathGeoLib\MathGeoLib.vcxproj", "{F7ECD748-47D4-4E44-959C-BC5623A1A2BB}"
EndProject
Project("{8BC9CEB8-8B4A-11D0-8D11-00A0C91BC942}") = "Recast", "Source\Recast\Recast.vcxproj", "{413818BF-768B-4B9F-B7A6-D5864D4759E4}"
EndProject
Project("{8BC9CEB8-8B4A-11D0-8D11-00A0C91BC942}") = "SkillTreeController", "Scripts\SkillTreeController\SkillTreeController.vcxproj", "{55860826-2F36-4FBB-959E-E4AB93827C1F}"
EndProject
Project("{8BC9CEB8-8B4A-11D0-8D11-00A0C91BC942}") = "ExperienceController", "Scripts\ExperienceController\ExperienceController.vcxproj", "{7306983D-F81F-488D-9548-D68509FEF4C8}"
EndProject
Project("{2150E333-8FDC-42A3-9474-1A3956D46DE8}") = "Player", "Player", "{70163801-DAB5-4FE1-B58E-CC8DD7CCBB1C}"
EndProject
Project("{8BC9CEB8-8B4A-11D0-8D11-00A0C91BC942}") = "DamageFeedbackUI", "Scripts\DamageFeedbackUI\DamageFeedbackUI.vcxproj", "{A0EC96D9-FD95-4C0C-B500-6CF8FD9AF1F4}"
EndProject
Project("{8BC9CEB8-8B4A-11D0-8D11-00A0C91BC942}") = "CombatAudioEvents", "Scripts\CombatAudioEvents\CombatAudioEvents.vcxproj", "{BFF12BE8-A1DE-4CD3-ACBB-E614FD9DAFD5}"
EndProject
Project("{8BC9CEB8-8B4A-11D0-8D11-00A0C91BC942}") = "RainSkillSpawn", "Scripts\RainSkillSpawn\RainSkillSpawn.vcxproj", "{FCDB994C-B6DD-4F58-960D-7BB1A462DF93}"
EndProject
Project("{8BC9CEB8-8B4A-11D0-8D11-00A0C91BC942}") = "ItemNameController", "Scripts\ItemNameController\ItemNameController.vcxproj", "{FDD06A97-3850-488A-8317-B1077020E2C4}"
EndProject
Project("{8BC9CEB8-8B4A-11D0-8D11-00A0C91BC942}") = "EnemyLoot", "Scripts\EnemyLoot\EnemyLoot.vcxproj", "{B1FC287C-6EE1-44C8-874B-9860A2D4D35A}"
EndProject
Project("{8BC9CEB8-8B4A-11D0-8D11-00A0C91BC942}") = "EquipPopupController", "Scripts\EquipPopupController\EquipPopupController.vcxproj", "{20271EEF-B67A-4D0C-B8DC-0A4E296D710C}"
EndProject
Project("{8BC9CEB8-8B4A-11D0-8D11-00A0C91BC942}") = "FearControllerScript", "Scripts\FearControllerScript\FearControllerScript.vcxproj", "{70E97566-EFB7-4382-A1A2-1806C1D28250}"
EndProject
Global
	GlobalSection(SolutionConfigurationPlatforms) = preSolution
		Debug|Win32 = Debug|Win32
		Debug|x64 = Debug|x64
		GameBuild Debug|Win32 = GameBuild Debug|Win32
		GameBuild Debug|x64 = GameBuild Debug|x64
		GameBuild|Win32 = GameBuild|Win32
		GameBuild|x64 = GameBuild|x64
		Release|Win32 = Release|Win32
		Release|x64 = Release|x64
	EndGlobalSection
	GlobalSection(ProjectConfigurationPlatforms) = postSolution
		{746CC4C3-787F-4B0E-AA66-E388FE3FF4F6}.Debug|Win32.ActiveCfg = Debug|Win32
		{746CC4C3-787F-4B0E-AA66-E388FE3FF4F6}.Debug|Win32.Build.0 = Debug|Win32
		{746CC4C3-787F-4B0E-AA66-E388FE3FF4F6}.Debug|x64.ActiveCfg = Debug|Win32
		{746CC4C3-787F-4B0E-AA66-E388FE3FF4F6}.GameBuild Debug|Win32.ActiveCfg = GameBuild Debug|Win32
		{746CC4C3-787F-4B0E-AA66-E388FE3FF4F6}.GameBuild Debug|Win32.Build.0 = GameBuild Debug|Win32
		{746CC4C3-787F-4B0E-AA66-E388FE3FF4F6}.GameBuild Debug|x64.ActiveCfg = GameBuild Debug|Win32
		{746CC4C3-787F-4B0E-AA66-E388FE3FF4F6}.GameBuild|Win32.ActiveCfg = GameBuild|Win32
		{746CC4C3-787F-4B0E-AA66-E388FE3FF4F6}.GameBuild|Win32.Build.0 = GameBuild|Win32
		{746CC4C3-787F-4B0E-AA66-E388FE3FF4F6}.GameBuild|x64.ActiveCfg = GameBuild|Win32
		{746CC4C3-787F-4B0E-AA66-E388FE3FF4F6}.Release|Win32.ActiveCfg = Release|Win32
		{746CC4C3-787F-4B0E-AA66-E388FE3FF4F6}.Release|Win32.Build.0 = Release|Win32
		{746CC4C3-787F-4B0E-AA66-E388FE3FF4F6}.Release|x64.ActiveCfg = Release|Win32
		{DA319D4A-70A8-42C8-A54F-DB7EAD02CA0D}.Debug|Win32.ActiveCfg = Debug|Win32
		{DA319D4A-70A8-42C8-A54F-DB7EAD02CA0D}.Debug|Win32.Build.0 = Debug|Win32
		{DA319D4A-70A8-42C8-A54F-DB7EAD02CA0D}.Debug|x64.ActiveCfg = Debug|x64
		{DA319D4A-70A8-42C8-A54F-DB7EAD02CA0D}.Debug|x64.Build.0 = Debug|x64
		{DA319D4A-70A8-42C8-A54F-DB7EAD02CA0D}.GameBuild Debug|Win32.ActiveCfg = GameBuild Debug|Win32
		{DA319D4A-70A8-42C8-A54F-DB7EAD02CA0D}.GameBuild Debug|Win32.Build.0 = GameBuild Debug|Win32
		{DA319D4A-70A8-42C8-A54F-DB7EAD02CA0D}.GameBuild Debug|x64.ActiveCfg = GameBuild Debug|x64
		{DA319D4A-70A8-42C8-A54F-DB7EAD02CA0D}.GameBuild Debug|x64.Build.0 = GameBuild Debug|x64
		{DA319D4A-70A8-42C8-A54F-DB7EAD02CA0D}.GameBuild|Win32.ActiveCfg = GameBuild|Win32
		{DA319D4A-70A8-42C8-A54F-DB7EAD02CA0D}.GameBuild|Win32.Build.0 = GameBuild|Win32
		{DA319D4A-70A8-42C8-A54F-DB7EAD02CA0D}.GameBuild|x64.ActiveCfg = Release|x64
		{DA319D4A-70A8-42C8-A54F-DB7EAD02CA0D}.GameBuild|x64.Build.0 = Release|x64
		{DA319D4A-70A8-42C8-A54F-DB7EAD02CA0D}.Release|Win32.ActiveCfg = Release|Win32
		{DA319D4A-70A8-42C8-A54F-DB7EAD02CA0D}.Release|Win32.Build.0 = Release|Win32
		{DA319D4A-70A8-42C8-A54F-DB7EAD02CA0D}.Release|x64.ActiveCfg = Release|x64
		{DA319D4A-70A8-42C8-A54F-DB7EAD02CA0D}.Release|x64.Build.0 = Release|x64
		{F6A7A8E0-7FB3-40EC-8ED9-B837E24FEF22}.Debug|Win32.ActiveCfg = Debug|Win32
		{F6A7A8E0-7FB3-40EC-8ED9-B837E24FEF22}.Debug|Win32.Build.0 = Debug|Win32
		{F6A7A8E0-7FB3-40EC-8ED9-B837E24FEF22}.Debug|x64.ActiveCfg = Debug|x64
		{F6A7A8E0-7FB3-40EC-8ED9-B837E24FEF22}.Debug|x64.Build.0 = Debug|x64
		{F6A7A8E0-7FB3-40EC-8ED9-B837E24FEF22}.GameBuild Debug|Win32.ActiveCfg = GameBuild Debug|Win32
		{F6A7A8E0-7FB3-40EC-8ED9-B837E24FEF22}.GameBuild Debug|Win32.Build.0 = GameBuild Debug|Win32
		{F6A7A8E0-7FB3-40EC-8ED9-B837E24FEF22}.GameBuild Debug|x64.ActiveCfg = GameBuild|x64
		{F6A7A8E0-7FB3-40EC-8ED9-B837E24FEF22}.GameBuild Debug|x64.Build.0 = GameBuild|x64
		{F6A7A8E0-7FB3-40EC-8ED9-B837E24FEF22}.GameBuild|Win32.ActiveCfg = GameBuild|Win32
		{F6A7A8E0-7FB3-40EC-8ED9-B837E24FEF22}.GameBuild|Win32.Build.0 = GameBuild|Win32
		{F6A7A8E0-7FB3-40EC-8ED9-B837E24FEF22}.GameBuild|x64.ActiveCfg = GameBuild|x64
		{F6A7A8E0-7FB3-40EC-8ED9-B837E24FEF22}.GameBuild|x64.Build.0 = GameBuild|x64
		{F6A7A8E0-7FB3-40EC-8ED9-B837E24FEF22}.Release|Win32.ActiveCfg = Release|Win32
		{F6A7A8E0-7FB3-40EC-8ED9-B837E24FEF22}.Release|Win32.Build.0 = Release|Win32
		{F6A7A8E0-7FB3-40EC-8ED9-B837E24FEF22}.Release|x64.ActiveCfg = Release|x64
		{F6A7A8E0-7FB3-40EC-8ED9-B837E24FEF22}.Release|x64.Build.0 = Release|x64
		{A5975BB3-268D-4AAA-A04B-9398A16B9280}.Debug|Win32.ActiveCfg = Debug|Win32
		{A5975BB3-268D-4AAA-A04B-9398A16B9280}.Debug|Win32.Build.0 = Debug|Win32
		{A5975BB3-268D-4AAA-A04B-9398A16B9280}.Debug|x64.ActiveCfg = Debug|x64
		{A5975BB3-268D-4AAA-A04B-9398A16B9280}.Debug|x64.Build.0 = Debug|x64
		{A5975BB3-268D-4AAA-A04B-9398A16B9280}.GameBuild Debug|Win32.ActiveCfg = GameBuild Debug|Win32
		{A5975BB3-268D-4AAA-A04B-9398A16B9280}.GameBuild Debug|Win32.Build.0 = GameBuild Debug|Win32
		{A5975BB3-268D-4AAA-A04B-9398A16B9280}.GameBuild Debug|x64.ActiveCfg = GameBuild Debug|x64
		{A5975BB3-268D-4AAA-A04B-9398A16B9280}.GameBuild Debug|x64.Build.0 = GameBuild Debug|x64
		{A5975BB3-268D-4AAA-A04B-9398A16B9280}.GameBuild|Win32.ActiveCfg = GameBuild|Win32
		{A5975BB3-268D-4AAA-A04B-9398A16B9280}.GameBuild|Win32.Build.0 = GameBuild|Win32
		{A5975BB3-268D-4AAA-A04B-9398A16B9280}.GameBuild|x64.ActiveCfg = Release|x64
		{A5975BB3-268D-4AAA-A04B-9398A16B9280}.GameBuild|x64.Build.0 = Release|x64
		{A5975BB3-268D-4AAA-A04B-9398A16B9280}.Release|Win32.ActiveCfg = Release|Win32
		{A5975BB3-268D-4AAA-A04B-9398A16B9280}.Release|Win32.Build.0 = Release|Win32
		{A5975BB3-268D-4AAA-A04B-9398A16B9280}.Release|x64.ActiveCfg = Release|x64
		{A5975BB3-268D-4AAA-A04B-9398A16B9280}.Release|x64.Build.0 = Release|x64
		{55A33768-7FC9-40D5-9E16-9CC484F406BC}.Debug|Win32.ActiveCfg = Debug|Win32
		{55A33768-7FC9-40D5-9E16-9CC484F406BC}.Debug|Win32.Build.0 = Debug|Win32
		{55A33768-7FC9-40D5-9E16-9CC484F406BC}.Debug|x64.ActiveCfg = Debug|x64
		{55A33768-7FC9-40D5-9E16-9CC484F406BC}.Debug|x64.Build.0 = Debug|x64
		{55A33768-7FC9-40D5-9E16-9CC484F406BC}.GameBuild Debug|Win32.ActiveCfg = GameBuild Debug|Win32
		{55A33768-7FC9-40D5-9E16-9CC484F406BC}.GameBuild Debug|Win32.Build.0 = GameBuild Debug|Win32
		{55A33768-7FC9-40D5-9E16-9CC484F406BC}.GameBuild Debug|x64.ActiveCfg = GameBuild Debug|x64
		{55A33768-7FC9-40D5-9E16-9CC484F406BC}.GameBuild Debug|x64.Build.0 = GameBuild Debug|x64
		{55A33768-7FC9-40D5-9E16-9CC484F406BC}.GameBuild|Win32.ActiveCfg = GameBuild|Win32
		{55A33768-7FC9-40D5-9E16-9CC484F406BC}.GameBuild|Win32.Build.0 = GameBuild|Win32
		{55A33768-7FC9-40D5-9E16-9CC484F406BC}.GameBuild|x64.ActiveCfg = Release|x64
		{55A33768-7FC9-40D5-9E16-9CC484F406BC}.GameBuild|x64.Build.0 = Release|x64
		{55A33768-7FC9-40D5-9E16-9CC484F406BC}.Release|Win32.ActiveCfg = Release|Win32
		{55A33768-7FC9-40D5-9E16-9CC484F406BC}.Release|Win32.Build.0 = Release|Win32
		{55A33768-7FC9-40D5-9E16-9CC484F406BC}.Release|x64.ActiveCfg = Release|x64
		{55A33768-7FC9-40D5-9E16-9CC484F406BC}.Release|x64.Build.0 = Release|x64
		{CF4ADE84-8B3D-45A4-80EF-5B52CC795B6C}.Debug|Win32.ActiveCfg = Debug|Win32
		{CF4ADE84-8B3D-45A4-80EF-5B52CC795B6C}.Debug|Win32.Build.0 = Debug|Win32
		{CF4ADE84-8B3D-45A4-80EF-5B52CC795B6C}.Debug|x64.ActiveCfg = Debug|x64
		{CF4ADE84-8B3D-45A4-80EF-5B52CC795B6C}.Debug|x64.Build.0 = Debug|x64
		{CF4ADE84-8B3D-45A4-80EF-5B52CC795B6C}.GameBuild Debug|Win32.ActiveCfg = GameBuild Debug|Win32
		{CF4ADE84-8B3D-45A4-80EF-5B52CC795B6C}.GameBuild Debug|Win32.Build.0 = GameBuild Debug|Win32
		{CF4ADE84-8B3D-45A4-80EF-5B52CC795B6C}.GameBuild Debug|x64.ActiveCfg = GameBuild Debug|x64
		{CF4ADE84-8B3D-45A4-80EF-5B52CC795B6C}.GameBuild Debug|x64.Build.0 = GameBuild Debug|x64
		{CF4ADE84-8B3D-45A4-80EF-5B52CC795B6C}.GameBuild|Win32.ActiveCfg = GameBuild|Win32
		{CF4ADE84-8B3D-45A4-80EF-5B52CC795B6C}.GameBuild|Win32.Build.0 = GameBuild|Win32
		{CF4ADE84-8B3D-45A4-80EF-5B52CC795B6C}.GameBuild|x64.ActiveCfg = Release|x64
		{CF4ADE84-8B3D-45A4-80EF-5B52CC795B6C}.GameBuild|x64.Build.0 = Release|x64
		{CF4ADE84-8B3D-45A4-80EF-5B52CC795B6C}.Release|Win32.ActiveCfg = Release|Win32
		{CF4ADE84-8B3D-45A4-80EF-5B52CC795B6C}.Release|Win32.Build.0 = Release|Win32
		{CF4ADE84-8B3D-45A4-80EF-5B52CC795B6C}.Release|x64.ActiveCfg = Release|x64
		{CF4ADE84-8B3D-45A4-80EF-5B52CC795B6C}.Release|x64.Build.0 = Release|x64
		{AE49478A-9872-4FD7-97B4-92D1FA50CF30}.Debug|Win32.ActiveCfg = Debug|Win32
		{AE49478A-9872-4FD7-97B4-92D1FA50CF30}.Debug|Win32.Build.0 = Debug|Win32
		{AE49478A-9872-4FD7-97B4-92D1FA50CF30}.Debug|x64.ActiveCfg = Debug|x64
		{AE49478A-9872-4FD7-97B4-92D1FA50CF30}.Debug|x64.Build.0 = Debug|x64
		{AE49478A-9872-4FD7-97B4-92D1FA50CF30}.GameBuild Debug|Win32.ActiveCfg = GameBuild Debug|Win32
		{AE49478A-9872-4FD7-97B4-92D1FA50CF30}.GameBuild Debug|Win32.Build.0 = GameBuild Debug|Win32
		{AE49478A-9872-4FD7-97B4-92D1FA50CF30}.GameBuild Debug|x64.ActiveCfg = Debug|x64
		{AE49478A-9872-4FD7-97B4-92D1FA50CF30}.GameBuild Debug|x64.Build.0 = Debug|x64
		{AE49478A-9872-4FD7-97B4-92D1FA50CF30}.GameBuild|Win32.ActiveCfg = GameBuild|Win32
		{AE49478A-9872-4FD7-97B4-92D1FA50CF30}.GameBuild|Win32.Build.0 = GameBuild|Win32
		{AE49478A-9872-4FD7-97B4-92D1FA50CF30}.GameBuild|x64.ActiveCfg = Release|x64
		{AE49478A-9872-4FD7-97B4-92D1FA50CF30}.GameBuild|x64.Build.0 = Release|x64
		{AE49478A-9872-4FD7-97B4-92D1FA50CF30}.Release|Win32.ActiveCfg = Release|Win32
		{AE49478A-9872-4FD7-97B4-92D1FA50CF30}.Release|Win32.Build.0 = Release|Win32
		{AE49478A-9872-4FD7-97B4-92D1FA50CF30}.Release|x64.ActiveCfg = Release|x64
		{AE49478A-9872-4FD7-97B4-92D1FA50CF30}.Release|x64.Build.0 = Release|x64
		{EA91D26E-3AD6-4FB7-A70B-E6A0C2492857}.Debug|Win32.ActiveCfg = Debug|Win32
		{EA91D26E-3AD6-4FB7-A70B-E6A0C2492857}.Debug|Win32.Build.0 = Debug|Win32
		{EA91D26E-3AD6-4FB7-A70B-E6A0C2492857}.Debug|x64.ActiveCfg = Debug|x64
		{EA91D26E-3AD6-4FB7-A70B-E6A0C2492857}.Debug|x64.Build.0 = Debug|x64
		{EA91D26E-3AD6-4FB7-A70B-E6A0C2492857}.GameBuild Debug|Win32.ActiveCfg = GameBuild Debug|Win32
		{EA91D26E-3AD6-4FB7-A70B-E6A0C2492857}.GameBuild Debug|Win32.Build.0 = GameBuild Debug|Win32
		{EA91D26E-3AD6-4FB7-A70B-E6A0C2492857}.GameBuild Debug|x64.ActiveCfg = Debug|x64
		{EA91D26E-3AD6-4FB7-A70B-E6A0C2492857}.GameBuild Debug|x64.Build.0 = Debug|x64
		{EA91D26E-3AD6-4FB7-A70B-E6A0C2492857}.GameBuild|Win32.ActiveCfg = GameBuild|Win32
		{EA91D26E-3AD6-4FB7-A70B-E6A0C2492857}.GameBuild|Win32.Build.0 = GameBuild|Win32
		{EA91D26E-3AD6-4FB7-A70B-E6A0C2492857}.GameBuild|x64.ActiveCfg = Release|x64
		{EA91D26E-3AD6-4FB7-A70B-E6A0C2492857}.GameBuild|x64.Build.0 = Release|x64
		{EA91D26E-3AD6-4FB7-A70B-E6A0C2492857}.Release|Win32.ActiveCfg = Release|Win32
		{EA91D26E-3AD6-4FB7-A70B-E6A0C2492857}.Release|Win32.Build.0 = Release|Win32
		{EA91D26E-3AD6-4FB7-A70B-E6A0C2492857}.Release|x64.ActiveCfg = Release|x64
		{EA91D26E-3AD6-4FB7-A70B-E6A0C2492857}.Release|x64.Build.0 = Release|x64
		{CE7ED85F-5518-4871-BA55-1F86A12595AA}.Debug|Win32.ActiveCfg = Debug|Win32
		{CE7ED85F-5518-4871-BA55-1F86A12595AA}.Debug|Win32.Build.0 = Debug|Win32
		{CE7ED85F-5518-4871-BA55-1F86A12595AA}.Debug|x64.ActiveCfg = Debug|x64
		{CE7ED85F-5518-4871-BA55-1F86A12595AA}.Debug|x64.Build.0 = Debug|x64
		{CE7ED85F-5518-4871-BA55-1F86A12595AA}.GameBuild Debug|Win32.ActiveCfg = GameBuild Debug|Win32
		{CE7ED85F-5518-4871-BA55-1F86A12595AA}.GameBuild Debug|Win32.Build.0 = GameBuild Debug|Win32
		{CE7ED85F-5518-4871-BA55-1F86A12595AA}.GameBuild Debug|x64.ActiveCfg = Debug|x64
		{CE7ED85F-5518-4871-BA55-1F86A12595AA}.GameBuild Debug|x64.Build.0 = Debug|x64
		{CE7ED85F-5518-4871-BA55-1F86A12595AA}.GameBuild|Win32.ActiveCfg = GameBuild|Win32
		{CE7ED85F-5518-4871-BA55-1F86A12595AA}.GameBuild|Win32.Build.0 = GameBuild|Win32
		{CE7ED85F-5518-4871-BA55-1F86A12595AA}.GameBuild|x64.ActiveCfg = Release|x64
		{CE7ED85F-5518-4871-BA55-1F86A12595AA}.GameBuild|x64.Build.0 = Release|x64
		{CE7ED85F-5518-4871-BA55-1F86A12595AA}.Release|Win32.ActiveCfg = Release|Win32
		{CE7ED85F-5518-4871-BA55-1F86A12595AA}.Release|Win32.Build.0 = Release|Win32
		{CE7ED85F-5518-4871-BA55-1F86A12595AA}.Release|x64.ActiveCfg = Release|x64
		{CE7ED85F-5518-4871-BA55-1F86A12595AA}.Release|x64.Build.0 = Release|x64
		{6379EA41-3D83-4120-A8D0-1D1CFC523A3C}.Debug|Win32.ActiveCfg = Debug|Win32
		{6379EA41-3D83-4120-A8D0-1D1CFC523A3C}.Debug|Win32.Build.0 = Debug|Win32
		{6379EA41-3D83-4120-A8D0-1D1CFC523A3C}.Debug|x64.ActiveCfg = Debug|x64
		{6379EA41-3D83-4120-A8D0-1D1CFC523A3C}.Debug|x64.Build.0 = Debug|x64
		{6379EA41-3D83-4120-A8D0-1D1CFC523A3C}.GameBuild Debug|Win32.ActiveCfg = GameBuild Debug|Win32
		{6379EA41-3D83-4120-A8D0-1D1CFC523A3C}.GameBuild Debug|Win32.Build.0 = GameBuild Debug|Win32
		{6379EA41-3D83-4120-A8D0-1D1CFC523A3C}.GameBuild Debug|x64.ActiveCfg = Debug|x64
		{6379EA41-3D83-4120-A8D0-1D1CFC523A3C}.GameBuild Debug|x64.Build.0 = Debug|x64
		{6379EA41-3D83-4120-A8D0-1D1CFC523A3C}.GameBuild|Win32.ActiveCfg = GameBuild|Win32
		{6379EA41-3D83-4120-A8D0-1D1CFC523A3C}.GameBuild|Win32.Build.0 = GameBuild|Win32
		{6379EA41-3D83-4120-A8D0-1D1CFC523A3C}.GameBuild|x64.ActiveCfg = Release|x64
		{6379EA41-3D83-4120-A8D0-1D1CFC523A3C}.GameBuild|x64.Build.0 = Release|x64
		{6379EA41-3D83-4120-A8D0-1D1CFC523A3C}.Release|Win32.ActiveCfg = Release|Win32
		{6379EA41-3D83-4120-A8D0-1D1CFC523A3C}.Release|Win32.Build.0 = Release|Win32
		{6379EA41-3D83-4120-A8D0-1D1CFC523A3C}.Release|x64.ActiveCfg = Release|x64
		{6379EA41-3D83-4120-A8D0-1D1CFC523A3C}.Release|x64.Build.0 = Release|x64
		{B6EA4ADB-AB73-42A0-A2AB-D98F896178B3}.Debug|Win32.ActiveCfg = Debug|Win32
		{B6EA4ADB-AB73-42A0-A2AB-D98F896178B3}.Debug|Win32.Build.0 = Debug|Win32
		{B6EA4ADB-AB73-42A0-A2AB-D98F896178B3}.Debug|x64.ActiveCfg = Debug|x64
		{B6EA4ADB-AB73-42A0-A2AB-D98F896178B3}.Debug|x64.Build.0 = Debug|x64
		{B6EA4ADB-AB73-42A0-A2AB-D98F896178B3}.GameBuild Debug|Win32.ActiveCfg = GameBuild Debug|Win32
		{B6EA4ADB-AB73-42A0-A2AB-D98F896178B3}.GameBuild Debug|Win32.Build.0 = GameBuild Debug|Win32
		{B6EA4ADB-AB73-42A0-A2AB-D98F896178B3}.GameBuild Debug|x64.ActiveCfg = Debug|x64
		{B6EA4ADB-AB73-42A0-A2AB-D98F896178B3}.GameBuild Debug|x64.Build.0 = Debug|x64
		{B6EA4ADB-AB73-42A0-A2AB-D98F896178B3}.GameBuild|Win32.ActiveCfg = GameBuild|Win32
		{B6EA4ADB-AB73-42A0-A2AB-D98F896178B3}.GameBuild|Win32.Build.0 = GameBuild|Win32
		{B6EA4ADB-AB73-42A0-A2AB-D98F896178B3}.GameBuild|x64.ActiveCfg = Release|x64
		{B6EA4ADB-AB73-42A0-A2AB-D98F896178B3}.GameBuild|x64.Build.0 = Release|x64
		{B6EA4ADB-AB73-42A0-A2AB-D98F896178B3}.Release|Win32.ActiveCfg = Release|Win32
		{B6EA4ADB-AB73-42A0-A2AB-D98F896178B3}.Release|Win32.Build.0 = Release|Win32
		{B6EA4ADB-AB73-42A0-A2AB-D98F896178B3}.Release|x64.ActiveCfg = Release|x64
		{B6EA4ADB-AB73-42A0-A2AB-D98F896178B3}.Release|x64.Build.0 = Release|x64
		{ACC36CC8-ADA1-4CFA-AE5A-C51CF877B885}.Debug|Win32.ActiveCfg = Debug|Win32
		{ACC36CC8-ADA1-4CFA-AE5A-C51CF877B885}.Debug|Win32.Build.0 = Debug|Win32
		{ACC36CC8-ADA1-4CFA-AE5A-C51CF877B885}.Debug|x64.ActiveCfg = Debug|x64
		{ACC36CC8-ADA1-4CFA-AE5A-C51CF877B885}.Debug|x64.Build.0 = Debug|x64
		{ACC36CC8-ADA1-4CFA-AE5A-C51CF877B885}.GameBuild Debug|Win32.ActiveCfg = GameBuild Debug|Win32
		{ACC36CC8-ADA1-4CFA-AE5A-C51CF877B885}.GameBuild Debug|Win32.Build.0 = GameBuild Debug|Win32
		{ACC36CC8-ADA1-4CFA-AE5A-C51CF877B885}.GameBuild Debug|x64.ActiveCfg = Debug|x64
		{ACC36CC8-ADA1-4CFA-AE5A-C51CF877B885}.GameBuild Debug|x64.Build.0 = Debug|x64
		{ACC36CC8-ADA1-4CFA-AE5A-C51CF877B885}.GameBuild|Win32.ActiveCfg = GameBuild|Win32
		{ACC36CC8-ADA1-4CFA-AE5A-C51CF877B885}.GameBuild|Win32.Build.0 = GameBuild|Win32
		{ACC36CC8-ADA1-4CFA-AE5A-C51CF877B885}.GameBuild|x64.ActiveCfg = Release|x64
		{ACC36CC8-ADA1-4CFA-AE5A-C51CF877B885}.GameBuild|x64.Build.0 = Release|x64
		{ACC36CC8-ADA1-4CFA-AE5A-C51CF877B885}.Release|Win32.ActiveCfg = Release|Win32
		{ACC36CC8-ADA1-4CFA-AE5A-C51CF877B885}.Release|Win32.Build.0 = Release|Win32
		{ACC36CC8-ADA1-4CFA-AE5A-C51CF877B885}.Release|x64.ActiveCfg = Release|x64
		{ACC36CC8-ADA1-4CFA-AE5A-C51CF877B885}.Release|x64.Build.0 = Release|x64
		{354346CC-BE0D-40FE-A8A0-4C129057C5DD}.Debug|Win32.ActiveCfg = Debug|Win32
		{354346CC-BE0D-40FE-A8A0-4C129057C5DD}.Debug|Win32.Build.0 = Debug|Win32
		{354346CC-BE0D-40FE-A8A0-4C129057C5DD}.Debug|x64.ActiveCfg = Debug|x64
		{354346CC-BE0D-40FE-A8A0-4C129057C5DD}.Debug|x64.Build.0 = Debug|x64
		{354346CC-BE0D-40FE-A8A0-4C129057C5DD}.GameBuild Debug|Win32.ActiveCfg = GameBuild Debug|Win32
		{354346CC-BE0D-40FE-A8A0-4C129057C5DD}.GameBuild Debug|Win32.Build.0 = GameBuild Debug|Win32
		{354346CC-BE0D-40FE-A8A0-4C129057C5DD}.GameBuild Debug|x64.ActiveCfg = GameBuild Debug|Win32
		{354346CC-BE0D-40FE-A8A0-4C129057C5DD}.GameBuild|Win32.ActiveCfg = GameBuild|Win32
		{354346CC-BE0D-40FE-A8A0-4C129057C5DD}.GameBuild|Win32.Build.0 = GameBuild|Win32
		{354346CC-BE0D-40FE-A8A0-4C129057C5DD}.GameBuild|x64.ActiveCfg = GameBuild|Win32
		{354346CC-BE0D-40FE-A8A0-4C129057C5DD}.Release|Win32.ActiveCfg = Release|Win32
		{354346CC-BE0D-40FE-A8A0-4C129057C5DD}.Release|Win32.Build.0 = Release|Win32
		{354346CC-BE0D-40FE-A8A0-4C129057C5DD}.Release|x64.ActiveCfg = Release|x64
		{354346CC-BE0D-40FE-A8A0-4C129057C5DD}.Release|x64.Build.0 = Release|x64
		{669E38D3-7845-4CA4-99E5-387855B45F5C}.Debug|Win32.ActiveCfg = Debug|Win32
		{669E38D3-7845-4CA4-99E5-387855B45F5C}.Debug|Win32.Build.0 = Debug|Win32
		{669E38D3-7845-4CA4-99E5-387855B45F5C}.Debug|x64.ActiveCfg = Debug|x64
		{669E38D3-7845-4CA4-99E5-387855B45F5C}.Debug|x64.Build.0 = Debug|x64
		{669E38D3-7845-4CA4-99E5-387855B45F5C}.GameBuild Debug|Win32.ActiveCfg = GameBuild Debug|Win32
		{669E38D3-7845-4CA4-99E5-387855B45F5C}.GameBuild Debug|Win32.Build.0 = GameBuild Debug|Win32
		{669E38D3-7845-4CA4-99E5-387855B45F5C}.GameBuild Debug|x64.ActiveCfg = GameBuild Debug|Win32
		{669E38D3-7845-4CA4-99E5-387855B45F5C}.GameBuild|Win32.ActiveCfg = GameBuild|Win32
		{669E38D3-7845-4CA4-99E5-387855B45F5C}.GameBuild|Win32.Build.0 = GameBuild|Win32
		{669E38D3-7845-4CA4-99E5-387855B45F5C}.GameBuild|x64.ActiveCfg = GameBuild|Win32
		{669E38D3-7845-4CA4-99E5-387855B45F5C}.Release|Win32.ActiveCfg = Release|Win32
		{669E38D3-7845-4CA4-99E5-387855B45F5C}.Release|Win32.Build.0 = Release|Win32
		{669E38D3-7845-4CA4-99E5-387855B45F5C}.Release|x64.ActiveCfg = Release|x64
		{669E38D3-7845-4CA4-99E5-387855B45F5C}.Release|x64.Build.0 = Release|x64
		{44CB8744-9EA6-487A-B1F9-611CAA45E98B}.Debug|Win32.ActiveCfg = Debug|Win32
		{44CB8744-9EA6-487A-B1F9-611CAA45E98B}.Debug|Win32.Build.0 = Debug|Win32
		{44CB8744-9EA6-487A-B1F9-611CAA45E98B}.Debug|x64.ActiveCfg = Debug|x64
		{44CB8744-9EA6-487A-B1F9-611CAA45E98B}.Debug|x64.Build.0 = Debug|x64
		{44CB8744-9EA6-487A-B1F9-611CAA45E98B}.GameBuild Debug|Win32.ActiveCfg = GameBuild Debug|Win32
		{44CB8744-9EA6-487A-B1F9-611CAA45E98B}.GameBuild Debug|Win32.Build.0 = GameBuild Debug|Win32
		{44CB8744-9EA6-487A-B1F9-611CAA45E98B}.GameBuild Debug|x64.ActiveCfg = Debug|x64
		{44CB8744-9EA6-487A-B1F9-611CAA45E98B}.GameBuild Debug|x64.Build.0 = Debug|x64
		{44CB8744-9EA6-487A-B1F9-611CAA45E98B}.GameBuild|Win32.ActiveCfg = GameBuild|Win32
		{44CB8744-9EA6-487A-B1F9-611CAA45E98B}.GameBuild|Win32.Build.0 = GameBuild|Win32
		{44CB8744-9EA6-487A-B1F9-611CAA45E98B}.GameBuild|x64.ActiveCfg = Release|x64
		{44CB8744-9EA6-487A-B1F9-611CAA45E98B}.GameBuild|x64.Build.0 = Release|x64
		{44CB8744-9EA6-487A-B1F9-611CAA45E98B}.Release|Win32.ActiveCfg = Release|Win32
		{44CB8744-9EA6-487A-B1F9-611CAA45E98B}.Release|Win32.Build.0 = Release|Win32
		{44CB8744-9EA6-487A-B1F9-611CAA45E98B}.Release|x64.ActiveCfg = Release|x64
		{44CB8744-9EA6-487A-B1F9-611CAA45E98B}.Release|x64.Build.0 = Release|x64
		{BFB9C14B-F509-4DF1-9C7A-1A3337DE8A21}.Debug|Win32.ActiveCfg = Debug|Win32
		{BFB9C14B-F509-4DF1-9C7A-1A3337DE8A21}.Debug|Win32.Build.0 = Debug|Win32
		{BFB9C14B-F509-4DF1-9C7A-1A3337DE8A21}.Debug|x64.ActiveCfg = Debug|x64
		{BFB9C14B-F509-4DF1-9C7A-1A3337DE8A21}.Debug|x64.Build.0 = Debug|x64
		{BFB9C14B-F509-4DF1-9C7A-1A3337DE8A21}.GameBuild Debug|Win32.ActiveCfg = GameBuild Debug|Win32
		{BFB9C14B-F509-4DF1-9C7A-1A3337DE8A21}.GameBuild Debug|Win32.Build.0 = GameBuild Debug|Win32
		{BFB9C14B-F509-4DF1-9C7A-1A3337DE8A21}.GameBuild Debug|x64.ActiveCfg = Debug|x64
		{BFB9C14B-F509-4DF1-9C7A-1A3337DE8A21}.GameBuild Debug|x64.Build.0 = Debug|x64
		{BFB9C14B-F509-4DF1-9C7A-1A3337DE8A21}.GameBuild|Win32.ActiveCfg = GameBuild|Win32
		{BFB9C14B-F509-4DF1-9C7A-1A3337DE8A21}.GameBuild|Win32.Build.0 = GameBuild|Win32
		{BFB9C14B-F509-4DF1-9C7A-1A3337DE8A21}.GameBuild|x64.ActiveCfg = Release|x64
		{BFB9C14B-F509-4DF1-9C7A-1A3337DE8A21}.GameBuild|x64.Build.0 = Release|x64
		{BFB9C14B-F509-4DF1-9C7A-1A3337DE8A21}.Release|Win32.ActiveCfg = Release|Win32
		{BFB9C14B-F509-4DF1-9C7A-1A3337DE8A21}.Release|Win32.Build.0 = Release|Win32
		{BFB9C14B-F509-4DF1-9C7A-1A3337DE8A21}.Release|x64.ActiveCfg = Release|x64
		{BFB9C14B-F509-4DF1-9C7A-1A3337DE8A21}.Release|x64.Build.0 = Release|x64
		{D8141FA2-E862-4706-A9F3-E8441C2B68FD}.Debug|Win32.ActiveCfg = Debug|Win32
		{D8141FA2-E862-4706-A9F3-E8441C2B68FD}.Debug|Win32.Build.0 = Debug|Win32
		{D8141FA2-E862-4706-A9F3-E8441C2B68FD}.Debug|x64.ActiveCfg = Debug|x64
		{D8141FA2-E862-4706-A9F3-E8441C2B68FD}.Debug|x64.Build.0 = Debug|x64
		{D8141FA2-E862-4706-A9F3-E8441C2B68FD}.GameBuild Debug|Win32.ActiveCfg = GameBuild Debug|Win32
		{D8141FA2-E862-4706-A9F3-E8441C2B68FD}.GameBuild Debug|Win32.Build.0 = GameBuild Debug|Win32
		{D8141FA2-E862-4706-A9F3-E8441C2B68FD}.GameBuild Debug|x64.ActiveCfg = GameBuild Debug|Win32
		{D8141FA2-E862-4706-A9F3-E8441C2B68FD}.GameBuild|Win32.ActiveCfg = GameBuild|Win32
		{D8141FA2-E862-4706-A9F3-E8441C2B68FD}.GameBuild|Win32.Build.0 = GameBuild|Win32
		{D8141FA2-E862-4706-A9F3-E8441C2B68FD}.GameBuild|x64.ActiveCfg = GameBuild|Win32
		{D8141FA2-E862-4706-A9F3-E8441C2B68FD}.Release|Win32.ActiveCfg = Release|Win32
		{D8141FA2-E862-4706-A9F3-E8441C2B68FD}.Release|Win32.Build.0 = Release|Win32
		{D8141FA2-E862-4706-A9F3-E8441C2B68FD}.Release|x64.ActiveCfg = Release|x64
		{D8141FA2-E862-4706-A9F3-E8441C2B68FD}.Release|x64.Build.0 = Release|x64
		{105DD75E-6745-4554-992B-E9E8A4956B53}.Debug|Win32.ActiveCfg = Debug|Win32
		{105DD75E-6745-4554-992B-E9E8A4956B53}.Debug|Win32.Build.0 = Debug|Win32
		{105DD75E-6745-4554-992B-E9E8A4956B53}.Debug|x64.ActiveCfg = Debug|x64
		{105DD75E-6745-4554-992B-E9E8A4956B53}.Debug|x64.Build.0 = Debug|x64
		{105DD75E-6745-4554-992B-E9E8A4956B53}.GameBuild Debug|Win32.ActiveCfg = GameBuild Debug|Win32
		{105DD75E-6745-4554-992B-E9E8A4956B53}.GameBuild Debug|Win32.Build.0 = GameBuild Debug|Win32
		{105DD75E-6745-4554-992B-E9E8A4956B53}.GameBuild Debug|x64.ActiveCfg = GameBuild Debug|Win32
		{105DD75E-6745-4554-992B-E9E8A4956B53}.GameBuild|Win32.ActiveCfg = GameBuild|Win32
		{105DD75E-6745-4554-992B-E9E8A4956B53}.GameBuild|Win32.Build.0 = GameBuild|Win32
		{105DD75E-6745-4554-992B-E9E8A4956B53}.GameBuild|x64.ActiveCfg = GameBuild|Win32
		{105DD75E-6745-4554-992B-E9E8A4956B53}.Release|Win32.ActiveCfg = Release|Win32
		{105DD75E-6745-4554-992B-E9E8A4956B53}.Release|Win32.Build.0 = Release|Win32
		{105DD75E-6745-4554-992B-E9E8A4956B53}.Release|x64.ActiveCfg = Release|x64
		{105DD75E-6745-4554-992B-E9E8A4956B53}.Release|x64.Build.0 = Release|x64
		{AB1D1EAB-6B69-4048-A522-11D9FE75177B}.Debug|Win32.ActiveCfg = Debug|Win32
		{AB1D1EAB-6B69-4048-A522-11D9FE75177B}.Debug|Win32.Build.0 = Debug|Win32
		{AB1D1EAB-6B69-4048-A522-11D9FE75177B}.Debug|x64.ActiveCfg = Debug|x64
		{AB1D1EAB-6B69-4048-A522-11D9FE75177B}.Debug|x64.Build.0 = Debug|x64
		{AB1D1EAB-6B69-4048-A522-11D9FE75177B}.GameBuild Debug|Win32.ActiveCfg = GameBuild Debug|Win32
		{AB1D1EAB-6B69-4048-A522-11D9FE75177B}.GameBuild Debug|Win32.Build.0 = GameBuild Debug|Win32
		{AB1D1EAB-6B69-4048-A522-11D9FE75177B}.GameBuild Debug|x64.ActiveCfg = GameBuild Debug|Win32
		{AB1D1EAB-6B69-4048-A522-11D9FE75177B}.GameBuild|Win32.ActiveCfg = GameBuild|Win32
		{AB1D1EAB-6B69-4048-A522-11D9FE75177B}.GameBuild|Win32.Build.0 = GameBuild|Win32
		{AB1D1EAB-6B69-4048-A522-11D9FE75177B}.GameBuild|x64.ActiveCfg = GameBuild|Win32
		{AB1D1EAB-6B69-4048-A522-11D9FE75177B}.Release|Win32.ActiveCfg = Release|Win32
		{AB1D1EAB-6B69-4048-A522-11D9FE75177B}.Release|Win32.Build.0 = Release|Win32
		{AB1D1EAB-6B69-4048-A522-11D9FE75177B}.Release|x64.ActiveCfg = Release|x64
		{AB1D1EAB-6B69-4048-A522-11D9FE75177B}.Release|x64.Build.0 = Release|x64
		{C8F06C07-DC7E-4EA9-BAA0-D19AAD547470}.Debug|Win32.ActiveCfg = Debug|Win32
		{C8F06C07-DC7E-4EA9-BAA0-D19AAD547470}.Debug|Win32.Build.0 = Debug|Win32
		{C8F06C07-DC7E-4EA9-BAA0-D19AAD547470}.Debug|x64.ActiveCfg = Debug|x64
		{C8F06C07-DC7E-4EA9-BAA0-D19AAD547470}.Debug|x64.Build.0 = Debug|x64
		{C8F06C07-DC7E-4EA9-BAA0-D19AAD547470}.GameBuild Debug|Win32.ActiveCfg = GameBuild Debug|Win32
		{C8F06C07-DC7E-4EA9-BAA0-D19AAD547470}.GameBuild Debug|Win32.Build.0 = GameBuild Debug|Win32
		{C8F06C07-DC7E-4EA9-BAA0-D19AAD547470}.GameBuild Debug|x64.ActiveCfg = GameBuild Debug|Win32
		{C8F06C07-DC7E-4EA9-BAA0-D19AAD547470}.GameBuild|Win32.ActiveCfg = GameBuild|Win32
		{C8F06C07-DC7E-4EA9-BAA0-D19AAD547470}.GameBuild|Win32.Build.0 = GameBuild|Win32
		{C8F06C07-DC7E-4EA9-BAA0-D19AAD547470}.GameBuild|x64.ActiveCfg = GameBuild|Win32
		{C8F06C07-DC7E-4EA9-BAA0-D19AAD547470}.Release|Win32.ActiveCfg = Release|Win32
		{C8F06C07-DC7E-4EA9-BAA0-D19AAD547470}.Release|Win32.Build.0 = Release|Win32
		{C8F06C07-DC7E-4EA9-BAA0-D19AAD547470}.Release|x64.ActiveCfg = Release|x64
		{C8F06C07-DC7E-4EA9-BAA0-D19AAD547470}.Release|x64.Build.0 = Release|x64
		{25A279F6-6460-43E6-83C1-59AB067F3F05}.Debug|Win32.ActiveCfg = Debug|Win32
		{25A279F6-6460-43E6-83C1-59AB067F3F05}.Debug|Win32.Build.0 = Debug|Win32
		{25A279F6-6460-43E6-83C1-59AB067F3F05}.Debug|x64.ActiveCfg = Debug|x64
		{25A279F6-6460-43E6-83C1-59AB067F3F05}.Debug|x64.Build.0 = Debug|x64
		{25A279F6-6460-43E6-83C1-59AB067F3F05}.GameBuild Debug|Win32.ActiveCfg = GameBuild Debug|Win32
		{25A279F6-6460-43E6-83C1-59AB067F3F05}.GameBuild Debug|Win32.Build.0 = GameBuild Debug|Win32
		{25A279F6-6460-43E6-83C1-59AB067F3F05}.GameBuild Debug|x64.ActiveCfg = GameBuild Debug|Win32
		{25A279F6-6460-43E6-83C1-59AB067F3F05}.GameBuild|Win32.ActiveCfg = GameBuild|Win32
		{25A279F6-6460-43E6-83C1-59AB067F3F05}.GameBuild|Win32.Build.0 = GameBuild|Win32
		{25A279F6-6460-43E6-83C1-59AB067F3F05}.GameBuild|x64.ActiveCfg = GameBuild|Win32
		{25A279F6-6460-43E6-83C1-59AB067F3F05}.Release|Win32.ActiveCfg = Release|Win32
		{25A279F6-6460-43E6-83C1-59AB067F3F05}.Release|Win32.Build.0 = Release|Win32
		{25A279F6-6460-43E6-83C1-59AB067F3F05}.Release|x64.ActiveCfg = Release|x64
		{25A279F6-6460-43E6-83C1-59AB067F3F05}.Release|x64.Build.0 = Release|x64
		{F7ECD748-47D4-4E44-959C-BC5623A1A2BB}.Debug|Win32.ActiveCfg = Debug|Win32
		{F7ECD748-47D4-4E44-959C-BC5623A1A2BB}.Debug|Win32.Build.0 = Debug|Win32
		{F7ECD748-47D4-4E44-959C-BC5623A1A2BB}.Debug|x64.ActiveCfg = Debug|x64
		{F7ECD748-47D4-4E44-959C-BC5623A1A2BB}.Debug|x64.Build.0 = Debug|x64
		{F7ECD748-47D4-4E44-959C-BC5623A1A2BB}.GameBuild Debug|Win32.ActiveCfg = Debug|Win32
		{F7ECD748-47D4-4E44-959C-BC5623A1A2BB}.GameBuild Debug|Win32.Build.0 = Debug|Win32
		{F7ECD748-47D4-4E44-959C-BC5623A1A2BB}.GameBuild Debug|x64.ActiveCfg = Debug|x64
		{F7ECD748-47D4-4E44-959C-BC5623A1A2BB}.GameBuild Debug|x64.Build.0 = Debug|x64
		{F7ECD748-47D4-4E44-959C-BC5623A1A2BB}.GameBuild|Win32.ActiveCfg = Release|Win32
		{F7ECD748-47D4-4E44-959C-BC5623A1A2BB}.GameBuild|Win32.Build.0 = Release|Win32
		{F7ECD748-47D4-4E44-959C-BC5623A1A2BB}.GameBuild|x64.ActiveCfg = Release|x64
		{F7ECD748-47D4-4E44-959C-BC5623A1A2BB}.GameBuild|x64.Build.0 = Release|x64
		{F7ECD748-47D4-4E44-959C-BC5623A1A2BB}.Release|Win32.ActiveCfg = Release|Win32
		{F7ECD748-47D4-4E44-959C-BC5623A1A2BB}.Release|Win32.Build.0 = Release|Win32
		{F7ECD748-47D4-4E44-959C-BC5623A1A2BB}.Release|x64.ActiveCfg = Release|x64
		{F7ECD748-47D4-4E44-959C-BC5623A1A2BB}.Release|x64.Build.0 = Release|x64
		{413818BF-768B-4B9F-B7A6-D5864D4759E4}.Debug|Win32.ActiveCfg = Debug|Win32
		{413818BF-768B-4B9F-B7A6-D5864D4759E4}.Debug|Win32.Build.0 = Debug|Win32
		{413818BF-768B-4B9F-B7A6-D5864D4759E4}.Debug|x64.ActiveCfg = Debug|x64
		{413818BF-768B-4B9F-B7A6-D5864D4759E4}.Debug|x64.Build.0 = Debug|x64
		{413818BF-768B-4B9F-B7A6-D5864D4759E4}.GameBuild Debug|Win32.ActiveCfg = GameBuild Debug|Win32
		{413818BF-768B-4B9F-B7A6-D5864D4759E4}.GameBuild Debug|Win32.Build.0 = GameBuild Debug|Win32
		{413818BF-768B-4B9F-B7A6-D5864D4759E4}.GameBuild Debug|x64.ActiveCfg = Debug|x64
		{413818BF-768B-4B9F-B7A6-D5864D4759E4}.GameBuild Debug|x64.Build.0 = Debug|x64
		{413818BF-768B-4B9F-B7A6-D5864D4759E4}.GameBuild|Win32.ActiveCfg = GameBuild|Win32
		{413818BF-768B-4B9F-B7A6-D5864D4759E4}.GameBuild|Win32.Build.0 = GameBuild|Win32
		{413818BF-768B-4B9F-B7A6-D5864D4759E4}.GameBuild|x64.ActiveCfg = Release|x64
		{413818BF-768B-4B9F-B7A6-D5864D4759E4}.GameBuild|x64.Build.0 = Release|x64
		{413818BF-768B-4B9F-B7A6-D5864D4759E4}.Release|Win32.ActiveCfg = Release|Win32
		{413818BF-768B-4B9F-B7A6-D5864D4759E4}.Release|Win32.Build.0 = Release|Win32
		{413818BF-768B-4B9F-B7A6-D5864D4759E4}.Release|x64.ActiveCfg = Release|x64
		{413818BF-768B-4B9F-B7A6-D5864D4759E4}.Release|x64.Build.0 = Release|x64
		{55860826-2F36-4FBB-959E-E4AB93827C1F}.Debug|Win32.ActiveCfg = Debug|Win32
		{55860826-2F36-4FBB-959E-E4AB93827C1F}.Debug|Win32.Build.0 = Debug|Win32
		{55860826-2F36-4FBB-959E-E4AB93827C1F}.Debug|x64.ActiveCfg = Debug|x64
		{55860826-2F36-4FBB-959E-E4AB93827C1F}.Debug|x64.Build.0 = Debug|x64
		{55860826-2F36-4FBB-959E-E4AB93827C1F}.GameBuild Debug|Win32.ActiveCfg = GameBuild Debug|Win32
		{55860826-2F36-4FBB-959E-E4AB93827C1F}.GameBuild Debug|Win32.Build.0 = GameBuild Debug|Win32
		{55860826-2F36-4FBB-959E-E4AB93827C1F}.GameBuild Debug|x64.ActiveCfg = GameBuild Debug|Win32
		{55860826-2F36-4FBB-959E-E4AB93827C1F}.GameBuild|Win32.ActiveCfg = GameBuild|Win32
		{55860826-2F36-4FBB-959E-E4AB93827C1F}.GameBuild|Win32.Build.0 = GameBuild|Win32
		{55860826-2F36-4FBB-959E-E4AB93827C1F}.GameBuild|x64.ActiveCfg = GameBuild|Win32
		{55860826-2F36-4FBB-959E-E4AB93827C1F}.Release|Win32.ActiveCfg = Release|Win32
		{55860826-2F36-4FBB-959E-E4AB93827C1F}.Release|Win32.Build.0 = Release|Win32
		{55860826-2F36-4FBB-959E-E4AB93827C1F}.Release|x64.ActiveCfg = Release|x64
		{55860826-2F36-4FBB-959E-E4AB93827C1F}.Release|x64.Build.0 = Release|x64
		{7306983D-F81F-488D-9548-D68509FEF4C8}.Debug|Win32.ActiveCfg = Debug|Win32
		{7306983D-F81F-488D-9548-D68509FEF4C8}.Debug|Win32.Build.0 = Debug|Win32
		{7306983D-F81F-488D-9548-D68509FEF4C8}.Debug|x64.ActiveCfg = Debug|x64
		{7306983D-F81F-488D-9548-D68509FEF4C8}.Debug|x64.Build.0 = Debug|x64
		{7306983D-F81F-488D-9548-D68509FEF4C8}.GameBuild Debug|Win32.ActiveCfg = GameBuild Debug|Win32
		{7306983D-F81F-488D-9548-D68509FEF4C8}.GameBuild Debug|Win32.Build.0 = GameBuild Debug|Win32
		{7306983D-F81F-488D-9548-D68509FEF4C8}.GameBuild Debug|x64.ActiveCfg = GameBuild Debug|Win32
		{7306983D-F81F-488D-9548-D68509FEF4C8}.GameBuild|Win32.ActiveCfg = GameBuild|Win32
		{7306983D-F81F-488D-9548-D68509FEF4C8}.GameBuild|Win32.Build.0 = GameBuild|Win32
		{7306983D-F81F-488D-9548-D68509FEF4C8}.GameBuild|x64.ActiveCfg = GameBuild|Win32
		{7306983D-F81F-488D-9548-D68509FEF4C8}.Release|Win32.ActiveCfg = Release|Win32
		{7306983D-F81F-488D-9548-D68509FEF4C8}.Release|Win32.Build.0 = Release|Win32
		{7306983D-F81F-488D-9548-D68509FEF4C8}.Release|x64.ActiveCfg = Release|x64
		{7306983D-F81F-488D-9548-D68509FEF4C8}.Release|x64.Build.0 = Release|x64
		{A0EC96D9-FD95-4C0C-B500-6CF8FD9AF1F4}.Debug|Win32.ActiveCfg = Debug|Win32
		{A0EC96D9-FD95-4C0C-B500-6CF8FD9AF1F4}.Debug|Win32.Build.0 = Debug|Win32
		{A0EC96D9-FD95-4C0C-B500-6CF8FD9AF1F4}.Debug|x64.ActiveCfg = Debug|x64
		{A0EC96D9-FD95-4C0C-B500-6CF8FD9AF1F4}.Debug|x64.Build.0 = Debug|x64
		{A0EC96D9-FD95-4C0C-B500-6CF8FD9AF1F4}.GameBuild Debug|Win32.ActiveCfg = GameBuild Debug|Win32
		{A0EC96D9-FD95-4C0C-B500-6CF8FD9AF1F4}.GameBuild Debug|Win32.Build.0 = GameBuild Debug|Win32
		{A0EC96D9-FD95-4C0C-B500-6CF8FD9AF1F4}.GameBuild Debug|x64.ActiveCfg = GameBuild Debug|x64
		{A0EC96D9-FD95-4C0C-B500-6CF8FD9AF1F4}.GameBuild Debug|x64.Build.0 = GameBuild Debug|x64
		{A0EC96D9-FD95-4C0C-B500-6CF8FD9AF1F4}.GameBuild|Win32.ActiveCfg = GameBuild|Win32
		{A0EC96D9-FD95-4C0C-B500-6CF8FD9AF1F4}.GameBuild|Win32.Build.0 = GameBuild|Win32
		{A0EC96D9-FD95-4C0C-B500-6CF8FD9AF1F4}.GameBuild|x64.ActiveCfg = GameBuild|x64
		{A0EC96D9-FD95-4C0C-B500-6CF8FD9AF1F4}.GameBuild|x64.Build.0 = GameBuild|x64
		{A0EC96D9-FD95-4C0C-B500-6CF8FD9AF1F4}.Release|Win32.ActiveCfg = Release|Win32
		{A0EC96D9-FD95-4C0C-B500-6CF8FD9AF1F4}.Release|Win32.Build.0 = Release|Win32
		{A0EC96D9-FD95-4C0C-B500-6CF8FD9AF1F4}.Release|x64.ActiveCfg = Release|x64
		{A0EC96D9-FD95-4C0C-B500-6CF8FD9AF1F4}.Release|x64.Build.0 = Release|x64
		{BFF12BE8-A1DE-4CD3-ACBB-E614FD9DAFD5}.Debug|Win32.ActiveCfg = Debug|Win32
		{BFF12BE8-A1DE-4CD3-ACBB-E614FD9DAFD5}.Debug|Win32.Build.0 = Debug|Win32
		{BFF12BE8-A1DE-4CD3-ACBB-E614FD9DAFD5}.Debug|x64.ActiveCfg = Debug|x64
		{BFF12BE8-A1DE-4CD3-ACBB-E614FD9DAFD5}.Debug|x64.Build.0 = Debug|x64
		{BFF12BE8-A1DE-4CD3-ACBB-E614FD9DAFD5}.GameBuild Debug|Win32.ActiveCfg = GameBuild Debug|Win32
		{BFF12BE8-A1DE-4CD3-ACBB-E614FD9DAFD5}.GameBuild Debug|Win32.Build.0 = GameBuild Debug|Win32
		{BFF12BE8-A1DE-4CD3-ACBB-E614FD9DAFD5}.GameBuild Debug|x64.ActiveCfg = GameBuild Debug|Win32
		{BFF12BE8-A1DE-4CD3-ACBB-E614FD9DAFD5}.GameBuild|Win32.ActiveCfg = GameBuild|Win32
		{BFF12BE8-A1DE-4CD3-ACBB-E614FD9DAFD5}.GameBuild|Win32.Build.0 = GameBuild|Win32
		{BFF12BE8-A1DE-4CD3-ACBB-E614FD9DAFD5}.GameBuild|x64.ActiveCfg = GameBuild|Win32
		{BFF12BE8-A1DE-4CD3-ACBB-E614FD9DAFD5}.Release|Win32.ActiveCfg = Release|Win32
		{BFF12BE8-A1DE-4CD3-ACBB-E614FD9DAFD5}.Release|Win32.Build.0 = Release|Win32
		{BFF12BE8-A1DE-4CD3-ACBB-E614FD9DAFD5}.Release|x64.ActiveCfg = Release|x64
		{BFF12BE8-A1DE-4CD3-ACBB-E614FD9DAFD5}.Release|x64.Build.0 = Release|x64
		{FCDB994C-B6DD-4F58-960D-7BB1A462DF93}.Debug|Win32.ActiveCfg = Debug|Win32
		{FCDB994C-B6DD-4F58-960D-7BB1A462DF93}.Debug|Win32.Build.0 = Debug|Win32
		{FCDB994C-B6DD-4F58-960D-7BB1A462DF93}.Debug|x64.ActiveCfg = Debug|x64
		{FCDB994C-B6DD-4F58-960D-7BB1A462DF93}.Debug|x64.Build.0 = Debug|x64
		{FCDB994C-B6DD-4F58-960D-7BB1A462DF93}.GameBuild Debug|Win32.ActiveCfg = Debug|Win32
		{FCDB994C-B6DD-4F58-960D-7BB1A462DF93}.GameBuild Debug|Win32.Build.0 = Debug|Win32
		{FCDB994C-B6DD-4F58-960D-7BB1A462DF93}.GameBuild Debug|x64.ActiveCfg = Debug|x64
		{FCDB994C-B6DD-4F58-960D-7BB1A462DF93}.GameBuild Debug|x64.Build.0 = Debug|x64
		{FCDB994C-B6DD-4F58-960D-7BB1A462DF93}.GameBuild|Win32.ActiveCfg = Release|Win32
		{FCDB994C-B6DD-4F58-960D-7BB1A462DF93}.GameBuild|Win32.Build.0 = Release|Win32
		{FCDB994C-B6DD-4F58-960D-7BB1A462DF93}.GameBuild|x64.ActiveCfg = Release|x64
		{FCDB994C-B6DD-4F58-960D-7BB1A462DF93}.GameBuild|x64.Build.0 = Release|x64
		{FCDB994C-B6DD-4F58-960D-7BB1A462DF93}.Release|Win32.ActiveCfg = Release|Win32
		{FCDB994C-B6DD-4F58-960D-7BB1A462DF93}.Release|Win32.Build.0 = Release|Win32
		{FCDB994C-B6DD-4F58-960D-7BB1A462DF93}.Release|x64.ActiveCfg = Release|x64
		{FCDB994C-B6DD-4F58-960D-7BB1A462DF93}.Release|x64.Build.0 = Release|x64
		{FDD06A97-3850-488A-8317-B1077020E2C4}.Debug|Win32.ActiveCfg = Debug|Win32
		{FDD06A97-3850-488A-8317-B1077020E2C4}.Debug|Win32.Build.0 = Debug|Win32
		{FDD06A97-3850-488A-8317-B1077020E2C4}.Debug|x64.ActiveCfg = Debug|x64
		{FDD06A97-3850-488A-8317-B1077020E2C4}.Debug|x64.Build.0 = Debug|x64
		{FDD06A97-3850-488A-8317-B1077020E2C4}.GameBuild Debug|Win32.ActiveCfg = GameBuild Debug|Win32
		{FDD06A97-3850-488A-8317-B1077020E2C4}.GameBuild Debug|Win32.Build.0 = GameBuild Debug|Win32
		{FDD06A97-3850-488A-8317-B1077020E2C4}.GameBuild Debug|x64.ActiveCfg = GameBuild Debug|Win32
		{FDD06A97-3850-488A-8317-B1077020E2C4}.GameBuild|Win32.ActiveCfg = GameBuild|Win32
		{FDD06A97-3850-488A-8317-B1077020E2C4}.GameBuild|Win32.Build.0 = GameBuild|Win32
		{FDD06A97-3850-488A-8317-B1077020E2C4}.GameBuild|x64.ActiveCfg = GameBuild|Win32
		{FDD06A97-3850-488A-8317-B1077020E2C4}.Release|Win32.ActiveCfg = Release|Win32
		{FDD06A97-3850-488A-8317-B1077020E2C4}.Release|Win32.Build.0 = Release|Win32
		{FDD06A97-3850-488A-8317-B1077020E2C4}.Release|x64.ActiveCfg = Release|x64
		{FDD06A97-3850-488A-8317-B1077020E2C4}.Release|x64.Build.0 = Release|x64
		{B1FC287C-6EE1-44C8-874B-9860A2D4D35A}.Debug|Win32.ActiveCfg = Debug|Win32
		{B1FC287C-6EE1-44C8-874B-9860A2D4D35A}.Debug|Win32.Build.0 = Debug|Win32
		{B1FC287C-6EE1-44C8-874B-9860A2D4D35A}.Debug|x64.ActiveCfg = Debug|x64
		{B1FC287C-6EE1-44C8-874B-9860A2D4D35A}.Debug|x64.Build.0 = Debug|x64
		{B1FC287C-6EE1-44C8-874B-9860A2D4D35A}.GameBuild Debug|Win32.ActiveCfg = GameBuild Debug|Win32
		{B1FC287C-6EE1-44C8-874B-9860A2D4D35A}.GameBuild Debug|Win32.Build.0 = GameBuild Debug|Win32
		{B1FC287C-6EE1-44C8-874B-9860A2D4D35A}.GameBuild Debug|x64.ActiveCfg = GameBuild Debug|Win32
		{B1FC287C-6EE1-44C8-874B-9860A2D4D35A}.GameBuild|Win32.ActiveCfg = GameBuild|Win32
		{B1FC287C-6EE1-44C8-874B-9860A2D4D35A}.GameBuild|Win32.Build.0 = GameBuild|Win32
		{B1FC287C-6EE1-44C8-874B-9860A2D4D35A}.GameBuild|x64.ActiveCfg = GameBuild|Win32
		{B1FC287C-6EE1-44C8-874B-9860A2D4D35A}.Release|Win32.ActiveCfg = Release|Win32
		{B1FC287C-6EE1-44C8-874B-9860A2D4D35A}.Release|Win32.Build.0 = Release|Win32
		{B1FC287C-6EE1-44C8-874B-9860A2D4D35A}.Release|x64.ActiveCfg = Release|x64
		{B1FC287C-6EE1-44C8-874B-9860A2D4D35A}.Release|x64.Build.0 = Release|x64
		{20271EEF-B67A-4D0C-B8DC-0A4E296D710C}.Debug|Win32.ActiveCfg = Debug|Win32
		{20271EEF-B67A-4D0C-B8DC-0A4E296D710C}.Debug|Win32.Build.0 = Debug|Win32
		{20271EEF-B67A-4D0C-B8DC-0A4E296D710C}.Debug|x64.ActiveCfg = Debug|x64
		{20271EEF-B67A-4D0C-B8DC-0A4E296D710C}.Debug|x64.Build.0 = Debug|x64
		{20271EEF-B67A-4D0C-B8DC-0A4E296D710C}.GameBuild Debug|Win32.ActiveCfg = GameBuild Debug|Win32
		{20271EEF-B67A-4D0C-B8DC-0A4E296D710C}.GameBuild Debug|Win32.Build.0 = GameBuild Debug|Win32
		{20271EEF-B67A-4D0C-B8DC-0A4E296D710C}.GameBuild Debug|x64.ActiveCfg = GameBuild Debug|Win32
		{20271EEF-B67A-4D0C-B8DC-0A4E296D710C}.GameBuild|Win32.ActiveCfg = GameBuild|Win32
		{20271EEF-B67A-4D0C-B8DC-0A4E296D710C}.GameBuild|Win32.Build.0 = GameBuild|Win32
		{20271EEF-B67A-4D0C-B8DC-0A4E296D710C}.GameBuild|x64.ActiveCfg = GameBuild|Win32
		{20271EEF-B67A-4D0C-B8DC-0A4E296D710C}.Release|Win32.ActiveCfg = Release|Win32
		{20271EEF-B67A-4D0C-B8DC-0A4E296D710C}.Release|Win32.Build.0 = Release|Win32
		{20271EEF-B67A-4D0C-B8DC-0A4E296D710C}.Release|x64.ActiveCfg = Release|x64
		{20271EEF-B67A-4D0C-B8DC-0A4E296D710C}.Release|x64.Build.0 = Release|x64
		{70E97566-EFB7-4382-A1A2-1806C1D28250}.Debug|Win32.ActiveCfg = Debug|Win32
		{70E97566-EFB7-4382-A1A2-1806C1D28250}.Debug|Win32.Build.0 = Debug|Win32
		{70E97566-EFB7-4382-A1A2-1806C1D28250}.Debug|x64.ActiveCfg = Debug|x64
		{70E97566-EFB7-4382-A1A2-1806C1D28250}.Debug|x64.Build.0 = Debug|x64
		{70E97566-EFB7-4382-A1A2-1806C1D28250}.GameBuild Debug|Win32.ActiveCfg = GameBuild Debug|Win32
		{70E97566-EFB7-4382-A1A2-1806C1D28250}.GameBuild Debug|Win32.Build.0 = GameBuild Debug|Win32
		{70E97566-EFB7-4382-A1A2-1806C1D28250}.GameBuild Debug|x64.ActiveCfg = GameBuild Debug|Win32
		{70E97566-EFB7-4382-A1A2-1806C1D28250}.GameBuild|Win32.ActiveCfg = GameBuild|Win32
		{70E97566-EFB7-4382-A1A2-1806C1D28250}.GameBuild|Win32.Build.0 = GameBuild|Win32
		{70E97566-EFB7-4382-A1A2-1806C1D28250}.GameBuild|x64.ActiveCfg = GameBuild|Win32
		{70E97566-EFB7-4382-A1A2-1806C1D28250}.Release|Win32.ActiveCfg = Release|Win32
		{70E97566-EFB7-4382-A1A2-1806C1D28250}.Release|Win32.Build.0 = Release|Win32
		{70E97566-EFB7-4382-A1A2-1806C1D28250}.Release|x64.ActiveCfg = Release|x64
		{70E97566-EFB7-4382-A1A2-1806C1D28250}.Release|x64.Build.0 = Release|x64
	EndGlobalSection
	GlobalSection(SolutionProperties) = preSolution
		HideSolutionNode = FALSE
	EndGlobalSection
	GlobalSection(NestedProjects) = preSolution
		{DA319D4A-70A8-42C8-A54F-DB7EAD02CA0D} = {70163801-DAB5-4FE1-B58E-CC8DD7CCBB1C}
		{A5975BB3-268D-4AAA-A04B-9398A16B9280} = {B0BA8D83-BE07-4405-ADE1-C771D081A8CD}
		{55A33768-7FC9-40D5-9E16-9CC484F406BC} = {B0BA8D83-BE07-4405-ADE1-C771D081A8CD}
		{CF4ADE84-8B3D-45A4-80EF-5B52CC795B6C} = {B0BA8D83-BE07-4405-ADE1-C771D081A8CD}
		{AE49478A-9872-4FD7-97B4-92D1FA50CF30} = {B0BA8D83-BE07-4405-ADE1-C771D081A8CD}
		{EA91D26E-3AD6-4FB7-A70B-E6A0C2492857} = {B0BA8D83-BE07-4405-ADE1-C771D081A8CD}
		{CE7ED85F-5518-4871-BA55-1F86A12595AA} = {B0BA8D83-BE07-4405-ADE1-C771D081A8CD}
		{6379EA41-3D83-4120-A8D0-1D1CFC523A3C} = {B0BA8D83-BE07-4405-ADE1-C771D081A8CD}
		{B6EA4ADB-AB73-42A0-A2AB-D98F896178B3} = {81805A9C-91F4-47D8-B626-870F7D97377D}
		{ACC36CC8-ADA1-4CFA-AE5A-C51CF877B885} = {81805A9C-91F4-47D8-B626-870F7D97377D}
		{354346CC-BE0D-40FE-A8A0-4C129057C5DD} = {B0BA8D83-BE07-4405-ADE1-C771D081A8CD}
		{669E38D3-7845-4CA4-99E5-387855B45F5C} = {B0BA8D83-BE07-4405-ADE1-C771D081A8CD}
		{81805A9C-91F4-47D8-B626-870F7D97377D} = {B0BA8D83-BE07-4405-ADE1-C771D081A8CD}
		{44CB8744-9EA6-487A-B1F9-611CAA45E98B} = {81805A9C-91F4-47D8-B626-870F7D97377D}
		{BFB9C14B-F509-4DF1-9C7A-1A3337DE8A21} = {81805A9C-91F4-47D8-B626-870F7D97377D}
		{D8141FA2-E862-4706-A9F3-E8441C2B68FD} = {B0BA8D83-BE07-4405-ADE1-C771D081A8CD}
		{105DD75E-6745-4554-992B-E9E8A4956B53} = {B0BA8D83-BE07-4405-ADE1-C771D081A8CD}
		{AB1D1EAB-6B69-4048-A522-11D9FE75177B} = {B0BA8D83-BE07-4405-ADE1-C771D081A8CD}
		{C8F06C07-DC7E-4EA9-BAA0-D19AAD547470} = {B0BA8D83-BE07-4405-ADE1-C771D081A8CD}
		{25A279F6-6460-43E6-83C1-59AB067F3F05} = {B0BA8D83-BE07-4405-ADE1-C771D081A8CD}
		{55860826-2F36-4FBB-959E-E4AB93827C1F} = {B0BA8D83-BE07-4405-ADE1-C771D081A8CD}
		{7306983D-F81F-488D-9548-D68509FEF4C8} = {B0BA8D83-BE07-4405-ADE1-C771D081A8CD}
		{70163801-DAB5-4FE1-B58E-CC8DD7CCBB1C} = {B0BA8D83-BE07-4405-ADE1-C771D081A8CD}
		{A0EC96D9-FD95-4C0C-B500-6CF8FD9AF1F4} = {B0BA8D83-BE07-4405-ADE1-C771D081A8CD}
		{BFF12BE8-A1DE-4CD3-ACBB-E614FD9DAFD5} = {B0BA8D83-BE07-4405-ADE1-C771D081A8CD}
		{FCDB994C-B6DD-4F58-960D-7BB1A462DF93} = {70163801-DAB5-4FE1-B58E-CC8DD7CCBB1C}
		{FDD06A97-3850-488A-8317-B1077020E2C4} = {B0BA8D83-BE07-4405-ADE1-C771D081A8CD}
		{B1FC287C-6EE1-44C8-874B-9860A2D4D35A} = {B0BA8D83-BE07-4405-ADE1-C771D081A8CD}
		{20271EEF-B67A-4D0C-B8DC-0A4E296D710C} = {B0BA8D83-BE07-4405-ADE1-C771D081A8CD}
		{70E97566-EFB7-4382-A1A2-1806C1D28250} = {B0BA8D83-BE07-4405-ADE1-C771D081A8CD}
	EndGlobalSection
	GlobalSection(ExtensibilityGlobals) = postSolution
		SolutionGuid = {7938FFD4-0765-4A85-95CB-3908D56E6F3D}
	EndGlobalSection
EndGlobal
