<?xml version="1.0" encoding="utf-8"?>
<Project ToolsVersion="4.0" xmlns="http://schemas.microsoft.com/developer/msbuild/2003">
  <ItemGroup>
    <Filter Include="Archivos de origen">
      <UniqueIdentifier>{4FC737F1-C7A5-4376-A066-2A32D752A2FF}</UniqueIdentifier>
      <Extensions>cpp;c;cc;cxx;def;odl;idl;hpj;bat;asm;asmx</Extensions>
    </Filter>
    <Filter Include="Archivos de encabezado">
      <UniqueIdentifier>{93995380-89BD-4b04-88EB-625FBE52EBFB}</UniqueIdentifier>
      <Extensions>h;hh;hpp;hxx;hm;inl;inc;ipp;xsd</Extensions>
    </Filter>
    <Filter Include="GeoLib">
      <UniqueIdentifier>{ffb36c52-e834-41f6-9327-6e85666b1cf2}</UniqueIdentifier>
    </Filter>
  </ItemGroup>
  <ItemGroup>
    <ClCompile Include="BaseScript.cpp">
      <Filter>Archivos de origen</Filter>
    </ClCompile>
    <ClCompile Include="..\..\Source\MathGeoLib\include\Algorithm\Random\LCG.cpp">
      <Filter>GeoLib</Filter>
    </ClCompile>
    <ClCompile Include="..\..\Source\MathGeoLib\include\Geometry\AABB.cpp">
      <Filter>GeoLib</Filter>
    </ClCompile>
    <ClCompile Include="..\..\Source\MathGeoLib\include\Geometry\Capsule.cpp">
      <Filter>GeoLib</Filter>
    </ClCompile>
    <ClCompile Include="..\..\Source\MathGeoLib\include\Geometry\Circle.cpp">
      <Filter>GeoLib</Filter>
    </ClCompile>
    <ClCompile Include="..\..\Source\MathGeoLib\include\Geometry\Cone.cpp">
      <Filter>GeoLib</Filter>
    </ClCompile>
    <ClCompile Include="..\..\Source\MathGeoLib\include\Geometry\Cylinder.cpp">
      <Filter>GeoLib</Filter>
    </ClCompile>
    <ClCompile Include="..\..\Source\MathGeoLib\include\Geometry\Frustum.cpp">
      <Filter>GeoLib</Filter>
    </ClCompile>
    <ClCompile Include="..\..\Source\MathGeoLib\include\Geometry\Line.cpp">
      <Filter>GeoLib</Filter>
    </ClCompile>
    <ClCompile Include="..\..\Source\MathGeoLib\include\Geometry\LineSegment.cpp">
      <Filter>GeoLib</Filter>
    </ClCompile>
    <ClCompile Include="..\..\Source\MathGeoLib\include\Geometry\OBB.cpp">
      <Filter>GeoLib</Filter>
    </ClCompile>
    <ClCompile Include="..\..\Source\MathGeoLib\include\Geometry\Plane.cpp">
      <Filter>GeoLib</Filter>
    </ClCompile>
    <ClCompile Include="..\..\Source\MathGeoLib\include\Geometry\Polygon.cpp">
      <Filter>GeoLib</Filter>
    </ClCompile>
    <ClCompile Include="..\..\Source\MathGeoLib\include\Geometry\Polyhedron.cpp">
      <Filter>GeoLib</Filter>
    </ClCompile>
    <ClCompile Include="..\..\Source\MathGeoLib\include\Geometry\Ray.cpp">
      <Filter>GeoLib</Filter>
    </ClCompile>
    <ClCompile Include="..\..\Source\MathGeoLib\include\Geometry\Sphere.cpp">
      <Filter>GeoLib</Filter>
    </ClCompile>
    <ClCompile Include="..\..\Source\MathGeoLib\include\Geometry\Triangle.cpp">
      <Filter>GeoLib</Filter>
    </ClCompile>
    <ClCompile Include="..\..\Source\MathGeoLib\include\Geometry\TriangleMesh.cpp">
      <Filter>GeoLib</Filter>
    </ClCompile>
    <ClCompile Include="..\..\Source\MathGeoLib\include\Math\BitOps.cpp">
      <Filter>GeoLib</Filter>
    </ClCompile>
    <ClCompile Include="..\..\Source\MathGeoLib\include\Math\float2.cpp">
      <Filter>GeoLib</Filter>
    </ClCompile>
    <ClCompile Include="..\..\Source\MathGeoLib\include\Math\float3.cpp">
      <Filter>GeoLib</Filter>
    </ClCompile>
    <ClCompile Include="..\..\Source\MathGeoLib\include\Math\float3x3.cpp">
      <Filter>GeoLib</Filter>
    </ClCompile>
    <ClCompile Include="..\..\Source\MathGeoLib\include\Math\float3x4.cpp">
      <Filter>GeoLib</Filter>
    </ClCompile>
    <ClCompile Include="..\..\Source\MathGeoLib\include\Math\float4.cpp">
      <Filter>GeoLib</Filter>
    </ClCompile>
    <ClCompile Include="..\..\Source\MathGeoLib\include\Math\float4x4.cpp">
      <Filter>GeoLib</Filter>
    </ClCompile>
    <ClCompile Include="..\..\Source\MathGeoLib\include\Math\MathFunc.cpp">
      <Filter>GeoLib</Filter>
    </ClCompile>
    <ClCompile Include="..\..\Source\MathGeoLib\include\Math\MathLog.cpp">
      <Filter>GeoLib</Filter>
    </ClCompile>
    <ClCompile Include="..\..\Source\MathGeoLib\include\Math\MathOps.cpp">
      <Filter>GeoLib</Filter>
    </ClCompile>
    <ClCompile Include="..\..\Source\MathGeoLib\include\Math\Polynomial.cpp">
      <Filter>GeoLib</Filter>
    </ClCompile>
    <ClCompile Include="..\..\Source\MathGeoLib\include\Math\Quat.cpp">
      <Filter>GeoLib</Filter>
    </ClCompile>
    <ClCompile Include="..\..\Source\MathGeoLib\include\Math\SSEMath.cpp">
      <Filter>GeoLib</Filter>
    </ClCompile>
    <ClCompile Include="..\..\Source\MathGeoLib\include\Math\TransformOps.cpp">
      <Filter>GeoLib</Filter>
    </ClCompile>
    <ClCompile Include="..\..\Source\MathGeoLib\include\Time\Clock.cpp">
      <Filter>GeoLib</Filter>
    </ClCompile>
  </ItemGroup>
  <ItemGroup>
    <ClInclude Include="BaseScript.h">
      <Filter>Archivos de encabezado</Filter>
    </ClInclude>
    <ClInclude Include="..\..\Source\MathGeoLib\include\Algorithm\Random\LCG.h">
      <Filter>GeoLib</Filter>
    </ClInclude>
    <ClInclude Include="..\..\Source\MathGeoLib\include\Geometry\AABB.h">
      <Filter>GeoLib</Filter>
    </ClInclude>
    <ClInclude Include="..\..\Source\MathGeoLib\include\Geometry\AABB2D.h">
      <Filter>GeoLib</Filter>
    </ClInclude>
    <ClInclude Include="..\..\Source\MathGeoLib\include\Geometry\Capsule.h">
      <Filter>GeoLib</Filter>
    </ClInclude>
    <ClInclude Include="..\..\Source\MathGeoLib\include\Geometry\Circle.h">
      <Filter>GeoLib</Filter>
    </ClInclude>
    <ClInclude Include="..\..\Source\MathGeoLib\include\Geometry\Cone.h">
      <Filter>GeoLib</Filter>
    </ClInclude>
    <ClInclude Include="..\..\Source\MathGeoLib\include\Geometry\Cylinder.h">
      <Filter>GeoLib</Filter>
    </ClInclude>
    <ClInclude Include="..\..\Source\MathGeoLib\include\Geometry\Frustum.h">
      <Filter>GeoLib</Filter>
    </ClInclude>
    <ClInclude Include="..\..\Source\MathGeoLib\include\Geometry\GeometryAll.h">
      <Filter>GeoLib</Filter>
    </ClInclude>
    <ClInclude Include="..\..\Source\MathGeoLib\include\Geometry\GeomType.h">
      <Filter>GeoLib</Filter>
    </ClInclude>
    <ClInclude Include="..\..\Source\MathGeoLib\include\Geometry\HitInfo.h">
      <Filter>GeoLib</Filter>
    </ClInclude>
    <ClInclude Include="..\..\Source\MathGeoLib\include\Geometry\KDTree.h">
      <Filter>GeoLib</Filter>
    </ClInclude>
    <ClInclude Include="..\..\Source\MathGeoLib\include\Geometry\Line.h">
      <Filter>GeoLib</Filter>
    </ClInclude>
    <ClInclude Include="..\..\Source\MathGeoLib\include\Geometry\LineSegment.h">
      <Filter>GeoLib</Filter>
    </ClInclude>
    <ClInclude Include="..\..\Source\MathGeoLib\include\Geometry\OBB.h">
      <Filter>GeoLib</Filter>
    </ClInclude>
    <ClInclude Include="..\..\Source\MathGeoLib\include\Geometry\PBVolume.h">
      <Filter>GeoLib</Filter>
    </ClInclude>
    <ClInclude Include="..\..\Source\MathGeoLib\include\Geometry\Plane.h">
      <Filter>GeoLib</Filter>
    </ClInclude>
    <ClInclude Include="..\..\Source\MathGeoLib\include\Geometry\Polygon.h">
      <Filter>GeoLib</Filter>
    </ClInclude>
    <ClInclude Include="..\..\Source\MathGeoLib\include\Geometry\Polyhedron.h">
      <Filter>GeoLib</Filter>
    </ClInclude>
    <ClInclude Include="..\..\Source\MathGeoLib\include\Geometry\QuadTree.h">
      <Filter>GeoLib</Filter>
    </ClInclude>
    <ClInclude Include="..\..\Source\MathGeoLib\include\Geometry\Ray.h">
      <Filter>GeoLib</Filter>
    </ClInclude>
    <ClInclude Include="..\..\Source\MathGeoLib\include\Geometry\Sphere.h">
      <Filter>GeoLib</Filter>
    </ClInclude>
    <ClInclude Include="..\..\Source\MathGeoLib\include\Geometry\Triangle.h">
      <Filter>GeoLib</Filter>
    </ClInclude>
    <ClInclude Include="..\..\Source\MathGeoLib\include\Geometry\TriangleMesh.h">
      <Filter>GeoLib</Filter>
    </ClInclude>
    <ClInclude Include="..\..\Source\MathGeoLib\include\Math\assume.h">
      <Filter>GeoLib</Filter>
    </ClInclude>
    <ClInclude Include="..\..\Source\MathGeoLib\include\Math\BitOps.h">
      <Filter>GeoLib</Filter>
    </ClInclude>
    <ClInclude Include="..\..\Source\MathGeoLib\include\Math\Complex.h">
      <Filter>GeoLib</Filter>
    </ClInclude>
    <ClInclude Include="..\..\Source\MathGeoLib\include\Math\CoordinateAxisConvention.h">
      <Filter>GeoLib</Filter>
    </ClInclude>
    <ClInclude Include="..\..\Source\MathGeoLib\include\Math\FixedPoint.h">
      <Filter>GeoLib</Filter>
    </ClInclude>
    <ClInclude Include="..\..\Source\MathGeoLib\include\Math\float2.h">
      <Filter>GeoLib</Filter>
    </ClInclude>
    <ClInclude Include="..\..\Source\MathGeoLib\include\Math\float3.h">
      <Filter>GeoLib</Filter>
    </ClInclude>
    <ClInclude Include="..\..\Source\MathGeoLib\include\Math\float3x3.h">
      <Filter>GeoLib</Filter>
    </ClInclude>
    <ClInclude Include="..\..\Source\MathGeoLib\include\Math\float3x4.h">
      <Filter>GeoLib</Filter>
    </ClInclude>
    <ClInclude Include="..\..\Source\MathGeoLib\include\Math\float4.h">
      <Filter>GeoLib</Filter>
    </ClInclude>
    <ClInclude Include="..\..\Source\MathGeoLib\include\Math\float4x4.h">
      <Filter>GeoLib</Filter>
    </ClInclude>
    <ClInclude Include="..\..\Source\MathGeoLib\include\Math\float4x4_neon.h">
      <Filter>GeoLib</Filter>
    </ClInclude>
    <ClInclude Include="..\..\Source\MathGeoLib\include\Math\float4x4_sse.h">
      <Filter>GeoLib</Filter>
    </ClInclude>
    <ClInclude Include="..\..\Source\MathGeoLib\include\Math\float4_neon.h">
      <Filter>GeoLib</Filter>
    </ClInclude>
    <ClInclude Include="..\..\Source\MathGeoLib\include\Math\float4_sse.h">
      <Filter>GeoLib</Filter>
    </ClInclude>
    <ClInclude Include="..\..\Source\MathGeoLib\include\Math\FloatCmp.h">
      <Filter>GeoLib</Filter>
    </ClInclude>
    <ClInclude Include="..\..\Source\MathGeoLib\include\Math\MathAll.h">
      <Filter>GeoLib</Filter>
    </ClInclude>
    <ClInclude Include="..\..\Source\MathGeoLib\include\Math\MathConstants.h">
      <Filter>GeoLib</Filter>
    </ClInclude>
    <ClInclude Include="..\..\Source\MathGeoLib\include\Math\MathFunc.h">
      <Filter>GeoLib</Filter>
    </ClInclude>
    <ClInclude Include="..\..\Source\MathGeoLib\include\Math\MathLog.h">
      <Filter>GeoLib</Filter>
    </ClInclude>
    <ClInclude Include="..\..\Source\MathGeoLib\include\Math\MathNamespace.h">
      <Filter>GeoLib</Filter>
    </ClInclude>
    <ClInclude Include="..\..\Source\MathGeoLib\include\Math\MathTypes.h">
      <Filter>GeoLib</Filter>
    </ClInclude>
    <ClInclude Include="..\..\Source\MathGeoLib\include\Math\MatrixProxy.h">
      <Filter>GeoLib</Filter>
    </ClInclude>
    <ClInclude Include="..\..\Source\MathGeoLib\include\Math\Polynomial.h">
      <Filter>GeoLib</Filter>
    </ClInclude>
    <ClInclude Include="..\..\Source\MathGeoLib\include\Math\Quat.h">
      <Filter>GeoLib</Filter>
    </ClInclude>
    <ClInclude Include="..\..\Source\MathGeoLib\include\Math\quat_simd.h">
      <Filter>GeoLib</Filter>
    </ClInclude>
    <ClInclude Include="..\..\Source\MathGeoLib\include\Math\Rect.h">
      <Filter>GeoLib</Filter>
    </ClInclude>
    <ClInclude Include="..\..\Source\MathGeoLib\include\Math\Reinterpret.h">
      <Filter>GeoLib</Filter>
    </ClInclude>
    <ClInclude Include="..\..\Source\MathGeoLib\include\Math\SSEMath.h">
      <Filter>GeoLib</Filter>
    </ClInclude>
    <ClInclude Include="..\..\Source\MathGeoLib\include\Math\sse_mathfun.h">
      <Filter>GeoLib</Filter>
    </ClInclude>
    <ClInclude Include="..\..\Source\MathGeoLib\include\Math\TransformOps.h">
      <Filter>GeoLib</Filter>
    </ClInclude>
    <ClInclude Include="..\..\Source\MathGeoLib\include\Time\Clock.h">
      <Filter>GeoLib</Filter>
    </ClInclude>
  </ItemGroup>
</Project>