<?xml version="1.0" encoding="utf-8"?>
<Project ToolsVersion="4.0" xmlns="http://schemas.microsoft.com/developer/msbuild/2003">
  <ItemGroup>
    <Filter Include="Archivos de origen">
      <UniqueIdentifier>{4FC737F1-C7A5-4376-A066-2A32D752A2FF}</UniqueIdentifier>
      <Extensions>cpp;c;cc;cxx;def;odl;idl;hpj;bat;asm;asmx</Extensions>
    </Filter>
    <Filter Include="Archivos de encabezado">
      <UniqueIdentifier>{93995380-89BD-4b04-88EB-625FBE52EBFB}</UniqueIdentifier>
      <Extensions>h;hh;hpp;hxx;hm;inl;inc;ipp;xsd</Extensions>
    </Filter>
    <Filter Include="Archivos de recursos">
      <UniqueIdentifier>{67DA6AB6-F800-4c08-8B7A-83BB121AAD01}</UniqueIdentifier>
      <Extensions>rc;ico;cur;bmp;dlg;rc2;rct;bin;rgs;gif;jpg;jpeg;jpe;resx;tiff;tif;png;wav;mfcribbon-ms</Extensions>
    </Filter>
    <Filter Include="GameStates">
      <UniqueIdentifier>{5d428d58-0c57-4f26-a66b-8c8afa5d3fc4}</UniqueIdentifier>
    </Filter>
  </ItemGroup>
  <ItemGroup>
    <ClCompile Include="GameLoop.cpp">
      <Filter>Archivos de origen</Filter>
    </ClCompile>
    <ClCompile Include="GameState.cpp">
      <Filter>GameStates</Filter>
    </ClCompile>
    <ClCompile Include="GameStateMenu.cpp">
      <Filter>GameStates</Filter>
    </ClCompile>
    <ClCompile Include="GameStateIntro.cpp">
      <Filter>GameStates</Filter>
    </ClCompile>
    <ClCompile Include="GameStatePlaying.cpp">
      <Filter>GameStates</Filter>
    </ClCompile>
    <ClCompile Include="GameStateDead.cpp">
      <Filter>GameStates</Filter>
    </ClCompile>
    <ClCompile Include="GameStateWin.cpp">
      <Filter>GameStates</Filter>
    </ClCompile>
    <ClCompile Include="GameStatePaused.cpp">
      <Filter>GameStates</Filter>
    </ClCompile>
    <ClCompile Include="GameStateOptions.cpp">
      <Filter>GameStates</Filter>
    </ClCompile>
    <ClCompile Include="GameStateCredits.cpp">
      <Filter>GameStates</Filter>
    </ClCompile>
    <ClCompile Include="GameStateControls.cpp">
      <Filter>GameStates</Filter>
    </ClCompile>
    <ClCompile Include="GameStateQuit.cpp">
      <Filter>GameStates</Filter>
    </ClCompile>
    <ClCompile Include="GameStateLoading.cpp">
      <Filter>GameStates</Filter>
    </ClCompile>
  </ItemGroup>
  <ItemGroup>
    <ClInclude Include="GameLoop.h">
      <Filter>Archivos de encabezado</Filter>
    </ClInclude>
    <ClInclude Include="GameState.h">
      <Filter>GameStates</Filter>
    </ClInclude>
    <ClInclude Include="GameStateMenu.h">
      <Filter>GameStates</Filter>
    </ClInclude>
    <ClInclude Include="GameStateIntro.h">
      <Filter>GameStates</Filter>
    </ClInclude>
    <ClInclude Include="GameStatePlaying.h">
      <Filter>GameStates</Filter>
    </ClInclude>
    <ClInclude Include="GameStateDead.h">
      <Filter>GameStates</Filter>
    </ClInclude>
    <ClInclude Include="GameStateWin.h">
      <Filter>GameStates</Filter>
    </ClInclude>
    <ClInclude Include="GameStatePaused.h">
      <Filter>GameStates</Filter>
    </ClInclude>
    <ClInclude Include="GameStateOptions.h">
      <Filter>GameStates</Filter>
    </ClInclude>
    <ClInclude Include="GameStateCredits.h">
      <Filter>GameStates</Filter>
    </ClInclude>
    <ClInclude Include="GameStateControls.h">
      <Filter>GameStates</Filter>
    </ClInclude>
    <ClInclude Include="GameStateQuit.h">
      <Filter>GameStates</Filter>
    </ClInclude>
    <ClInclude Include="GameStateLoading.h">
      <Filter>GameStates</Filter>
    </ClInclude>
  </ItemGroup>
</Project>