<?xml version="1.0" encoding="utf-8"?>
<Project ToolsVersion="4.0" xmlns="http://schemas.microsoft.com/developer/msbuild/2003">
  <ItemGroup>
    <Filter Include="Archivos de origen">
      <UniqueIdentifier>{4FC737F1-C7A5-4376-A066-2A32D752A2FF}</UniqueIdentifier>
      <Extensions>cpp;c;cc;cxx;def;odl;idl;hpj;bat;asm;asmx</Extensions>
    </Filter>
    <Filter Include="Archivos de encabezado">
      <UniqueIdentifier>{93995380-89BD-4b04-88EB-625FBE52EBFB}</UniqueIdentifier>
      <Extensions>h;hh;hpp;hxx;hm;inl;inc;ipp;xsd</Extensions>
    </Filter>
    <Filter Include="Archivos de recursos">
      <UniqueIdentifier>{67DA6AB6-F800-4c08-8B7A-83BB121AAD01}</UniqueIdentifier>
      <Extensions>rc;ico;cur;bmp;dlg;rc2;rct;bin;rgs;gif;jpg;jpeg;jpe;resx;tiff;tif;png;wav;mfcribbon-ms</Extensions>
    </Filter>
    <Filter Include="States">
      <UniqueIdentifier>{48c448f0-0c62-4d88-868b-4532ded2afb0}</UniqueIdentifier>
    </Filter>
  </ItemGroup>
  <ItemGroup>
    <ClInclude Include="..\TemplateScript2\BuriedEnemyAIScript.h">
      <Filter>Archivos de encabezado</Filter>
    </ClInclude>
    <ClInclude Include="..\TemplateScript2\EnemyState.h">
      <Filter>States</Filter>
    </ClInclude>
    <ClInclude Include="..\TemplateScript2\EnemyStateAttack.h">
      <Filter>States</Filter>
    </ClInclude>
    <ClInclude Include="..\TemplateScript2\EnemyStateChase.h">
      <Filter>States</Filter>
    </ClInclude>
    <ClInclude Include="..\TemplateScript2\EnemyStateCooldown.h">
      <Filter>States</Filter>
    </ClInclude>
    <ClInclude Include="..\TemplateScript2\EnemyStateHidden.h">
      <Filter>States</Filter>
    </ClInclude>
    <ClInclude Include="..\TemplateScript2\EnemyStateHide.h">
      <Filter>States</Filter>
    </ClInclude>
    <ClInclude Include="..\TemplateScript2\EnemyStateRelocate.h">
      <Filter>States</Filter>
    </ClInclude>
    <ClInclude Include="..\TemplateScript2\EnemyStateReturnToStart.h">
      <Filter>States</Filter>
    </ClInclude>
    <ClInclude Include="..\TemplateScript2\EnemyStateShowUp.h">
      <Filter>States</Filter>
    </ClInclude>
  </ItemGroup>
  <ItemGroup>
    <ClCompile Include="..\TemplateScript2\BuriedEnemyAIScript.cpp">
      <Filter>Archivos de origen</Filter>
    </ClCompile>
    <ClCompile Include="..\TemplateScript2\EnemyState.cpp">
      <Filter>States</Filter>
    </ClCompile>
    <ClCompile Include="..\TemplateScript2\EnemyStateAttack.cpp">
      <Filter>States</Filter>
    </ClCompile>
    <ClCompile Include="..\TemplateScript2\EnemyStateChase.cpp">
      <Filter>States</Filter>
    </ClCompile>
    <ClCompile Include="..\TemplateScript2\EnemyStateCooldown.cpp">
      <Filter>States</Filter>
    </ClCompile>
    <ClCompile Include="..\TemplateScript2\EnemyStateHidden.cpp">
      <Filter>States</Filter>
    </ClCompile>
    <ClCompile Include="..\TemplateScript2\EnemyStateHide.cpp">
      <Filter>States</Filter>
    </ClCompile>
    <ClCompile Include="..\TemplateScript2\EnemyStateRelocate.cpp">
      <Filter>States</Filter>
    </ClCompile>
    <ClCompile Include="..\TemplateScript2\EnemyStateReturnToStart.cpp">
      <Filter>States</Filter>
    </ClCompile>
    <ClCompile Include="..\TemplateScript2\EnemyStateShowUp.cpp">
      <Filter>States</Filter>
    </ClCompile>
  </ItemGroup>
</Project>