<?xml version="1.0" encoding="utf-8"?>
<Project ToolsVersion="4.0" xmlns="http://schemas.microsoft.com/developer/msbuild/2003">
  <ItemGroup>
    <ClCompile Include="Application.cpp" />
    <ClCompile Include="Main.cpp" />
    <ClCompile Include="MathGeoLib\include\Geometry\AABB.cpp">
      <Filter>GeoLib</Filter>
    </ClCompile>
    <ClCompile Include="MathGeoLib\include\Math\BitOps.cpp">
      <Filter>GeoLib</Filter>
    </ClCompile>
    <ClCompile Include="MathGeoLib\include\Geometry\Capsule.cpp">
      <Filter>GeoLib</Filter>
    </ClCompile>
    <ClCompile Include="MathGeoLib\include\Geometry\Circle.cpp">
      <Filter>GeoLib</Filter>
    </ClCompile>
    <ClCompile Include="MathGeoLib\include\Time\Clock.cpp">
      <Filter>GeoLib</Filter>
    </ClCompile>
    <ClCompile Include="MathGeoLib\include\Geometry\Cone.cpp">
      <Filter>GeoLib</Filter>
    </ClCompile>
    <ClCompile Include="MathGeoLib\include\Geometry\Cylinder.cpp">
      <Filter>GeoLib</Filter>
    </ClCompile>
    <ClCompile Include="MathGeoLib\include\Math\float2.cpp">
      <Filter>GeoLib</Filter>
    </ClCompile>
    <ClCompile Include="MathGeoLib\include\Math\float3.cpp">
      <Filter>GeoLib</Filter>
    </ClCompile>
    <ClCompile Include="MathGeoLib\include\Math\float3x3.cpp">
      <Filter>GeoLib</Filter>
    </ClCompile>
    <ClCompile Include="MathGeoLib\include\Math\float3x4.cpp">
      <Filter>GeoLib</Filter>
    </ClCompile>
    <ClCompile Include="MathGeoLib\include\Math\float4.cpp">
      <Filter>GeoLib</Filter>
    </ClCompile>
    <ClCompile Include="MathGeoLib\include\Math\float4x4.cpp">
      <Filter>GeoLib</Filter>
    </ClCompile>
    <ClCompile Include="MathGeoLib\include\Math\MathFunc.cpp">
      <Filter>GeoLib</Filter>
    </ClCompile>
    <ClCompile Include="MathGeoLib\include\Math\MathLog.cpp">
      <Filter>GeoLib</Filter>
    </ClCompile>
    <ClCompile Include="MathGeoLib\include\Math\MathOps.cpp">
      <Filter>GeoLib</Filter>
    </ClCompile>
    <ClCompile Include="MathGeoLib\include\Geometry\Frustum.cpp">
      <Filter>GeoLib</Filter>
    </ClCompile>
    <ClCompile Include="MathGeoLib\include\Algorithm\Random\LCG.cpp">
      <Filter>GeoLib</Filter>
    </ClCompile>
    <ClCompile Include="MathGeoLib\include\Geometry\Line.cpp">
      <Filter>GeoLib</Filter>
    </ClCompile>
    <ClCompile Include="MathGeoLib\include\Geometry\LineSegment.cpp">
      <Filter>GeoLib</Filter>
    </ClCompile>
    <ClCompile Include="MathGeoLib\include\Geometry\OBB.cpp">
      <Filter>GeoLib</Filter>
    </ClCompile>
    <ClCompile Include="MathGeoLib\include\Geometry\Plane.cpp">
      <Filter>GeoLib</Filter>
    </ClCompile>
    <ClCompile Include="MathGeoLib\include\Geometry\Polygon.cpp">
      <Filter>GeoLib</Filter>
    </ClCompile>
    <ClCompile Include="MathGeoLib\include\Geometry\Polyhedron.cpp">
      <Filter>GeoLib</Filter>
    </ClCompile>
    <ClCompile Include="MathGeoLib\include\Math\Polynomial.cpp">
      <Filter>GeoLib</Filter>
    </ClCompile>
    <ClCompile Include="MathGeoLib\include\Math\Quat.cpp">
      <Filter>GeoLib</Filter>
    </ClCompile>
    <ClCompile Include="MathGeoLib\include\Geometry\Ray.cpp">
      <Filter>GeoLib</Filter>
    </ClCompile>
    <ClCompile Include="MathGeoLib\include\Geometry\Sphere.cpp">
      <Filter>GeoLib</Filter>
    </ClCompile>
    <ClCompile Include="MathGeoLib\include\Math\SSEMath.cpp">
      <Filter>GeoLib</Filter>
    </ClCompile>
    <ClCompile Include="MathGeoLib\include\Math\TransformOps.cpp">
      <Filter>GeoLib</Filter>
    </ClCompile>
    <ClCompile Include="MathGeoLib\include\Geometry\Triangle.cpp">
      <Filter>GeoLib</Filter>
    </ClCompile>
    <ClCompile Include="MathGeoLib\include\Geometry\TriangleMesh.cpp">
      <Filter>GeoLib</Filter>
    </ClCompile>
    <ClCompile Include="ModuleInput.cpp">
      <Filter>Modules</Filter>
    </ClCompile>
    <ClCompile Include="ModuleProgram.cpp">
      <Filter>Modules</Filter>
    </ClCompile>
    <ClCompile Include="ModuleRender.cpp">
      <Filter>Modules</Filter>
    </ClCompile>
    <ClCompile Include="ModuleTextures.cpp">
      <Filter>Modules</Filter>
    </ClCompile>
    <ClCompile Include="ModuleWindow.cpp">
      <Filter>Modules</Filter>
    </ClCompile>
    <ClCompile Include="ModuleEditor.cpp">
      <Filter>Modules</Filter>
    </ClCompile>
    <ClCompile Include="ModuleCamera.cpp">
      <Filter>Modules</Filter>
    </ClCompile>
    <ClCompile Include="Timer.cpp">
      <Filter>Utils</Filter>
    </ClCompile>
    <ClCompile Include="PanelConsole.cpp">
      <Filter>Panels</Filter>
    </ClCompile>
    <ClCompile Include="PanelConfiguration.cpp">
      <Filter>Panels</Filter>
    </ClCompile>
    <ClCompile Include="PanelAbout.cpp">
      <Filter>Panels</Filter>
    </ClCompile>
    <ClCompile Include="PanelHardware.cpp">
      <Filter>Panels</Filter>
    </ClCompile>
    <ClCompile Include="GameObject.cpp">
      <Filter>GameObject</Filter>
    </ClCompile>
    <ClCompile Include="Component.cpp">
      <Filter>Component</Filter>
    </ClCompile>
    <ClCompile Include="ComponentTransform.cpp">
      <Filter>Component</Filter>
    </ClCompile>
    <ClCompile Include="ModuleScene.cpp">
      <Filter>Modules</Filter>
    </ClCompile>
    <ClCompile Include="PanelInspector.cpp">
      <Filter>Panels</Filter>
    </ClCompile>
    <ClCompile Include="ComponentCamera.cpp">
      <Filter>Component</Filter>
    </ClCompile>
    <ClCompile Include="ModuleFileSystem.cpp">
      <Filter>Modules</Filter>
    </ClCompile>
    <ClCompile Include="ComponentLight.cpp">
      <Filter>Component</Filter>
    </ClCompile>
    <ClCompile Include="ModuleResourceManager.cpp">
      <Filter>Modules</Filter>
    </ClCompile>
    <ClCompile Include="ComponentRenderer.cpp">
      <Filter>Component</Filter>
    </ClCompile>
    <ClCompile Include="MaterialEditor.cpp">
      <Filter>Material</Filter>
    </ClCompile>
    <ClCompile Include="ImGuizmo\ImGuizmo.cpp">
      <Filter>Imguizmo</Filter>
    </ClCompile>
    <ClCompile Include="myQuadTree.cpp">
      <Filter>Tree</Filter>
    </ClCompile>
    <ClCompile Include="JSON.cpp">
      <Filter>Importer</Filter>
    </ClCompile>
    <ClCompile Include="AABBTree.cpp">
      <Filter>Tree</Filter>
    </ClCompile>
    <ClCompile Include="GUICreator.cpp" />
    <ClCompile Include="FileExplorer.cpp" />
    <ClCompile Include="PanelTime.cpp">
      <Filter>Panels</Filter>
    </ClCompile>
    <ClCompile Include="ModuleTime.cpp">
      <Filter>Modules</Filter>
    </ClCompile>
    <ClCompile Include="KDTree.cpp">
      <Filter>Tree</Filter>
    </ClCompile>
    <ClCompile Include="ModuleSpacePartitioning.cpp">
      <Filter>Modules</Filter>
    </ClCompile>
    <ClCompile Include="ComponentScript.cpp">
      <Filter>Component</Filter>
    </ClCompile>
    <ClCompile Include="ModuleScript.cpp">
      <Filter>Modules</Filter>
    </ClCompile>
    <ClCompile Include="log.cpp">
      <Filter>Utils</Filter>
    </ClCompile>
    <ClCompile Include="ModuleDebugDraw.cpp">
      <Filter>Modules</Filter>
    </ClCompile>
    <ClCompile Include="Resource.cpp">
      <Filter>Resources</Filter>
    </ClCompile>
    <ClCompile Include="ResourceMesh.cpp">
      <Filter>Resources</Filter>
    </ClCompile>
    <ClCompile Include="PanelResourceManager.cpp">
      <Filter>Panels</Filter>
    </ClCompile>
    <ClCompile Include="ResourceMaterial.cpp">
      <Filter>Resources</Filter>
    </ClCompile>
    <ClCompile Include="ResourceSkybox.cpp">
      <Filter>Resources</Filter>
    </ClCompile>
    <ClCompile Include="ModuleUI.cpp">
      <Filter>Modules</Filter>
    </ClCompile>
    <ClCompile Include="ComponentAnimation.cpp">
      <Filter>Component</Filter>
    </ClCompile>
    <ClCompile Include="PanelState.cpp">
      <Filter>Panels</Filter>
    </ClCompile>
    <ClCompile Include="MemoryModule.c">
      <Filter>ScriptingResources</Filter>
    </ClCompile>
    <ClCompile Include="PanelBrowser.cpp">
      <Filter>Panels</Filter>
    </ClCompile>
    <ClCompile Include="PanelAnimation.cpp">
      <Filter>Panels</Filter>
    </ClCompile>
    <ClCompile Include="PanelState.cpp">
      <Filter>Panels</Filter>
    </ClCompile>
    <ClCompile Include="AnimationController.cpp">
      <Filter>Animation</Filter>
    </ClCompile>
    <ClCompile Include="StateMachine.cpp">
      <Filter>Animation</Filter>
    </ClCompile>
    <ClCompile Include="ComponentTransform2D.cpp">
      <Filter>Component</Filter>
    </ClCompile>
    <ClCompile Include="ModuleFontLoader.cpp">
      <Filter>Modules</Filter>
    </ClCompile>
    <ClCompile Include="ComponentImage.cpp">
      <Filter>Component</Filter>
    </ClCompile>
    <ClCompile Include="ComponentText.cpp">
      <Filter>Component</Filter>
    </ClCompile>
    <ClCompile Include="ModuleDevelopmentBuildDebug.cpp">
      <Filter>Modules</Filter>
    </ClCompile>
    <ClCompile Include="ComponentButton.cpp">
      <Filter>Component</Filter>
    </ClCompile>
    <ClCompile Include="FileImporter.cpp" />
    <ClCompile Include="HashString.cpp" />
    <ClCompile Include="ResourceAnimation.cpp">
      <Filter>Resources</Filter>
    </ClCompile>
    <ClCompile Include="ResourceModel.cpp">
      <Filter>Resources</Filter>
    </ClCompile>
    <ClCompile Include="FileImporter.cpp">
      <Filter>Importer</Filter>
    </ClCompile>
    <ClCompile Include="ResourceTexture.cpp">
      <Filter>Resources</Filter>
    </ClCompile>
    <ClCompile Include="PanelHierarchy.cpp">
      <Filter>Panels</Filter>
    </ClCompile>
    <ClCompile Include="Viewport.cpp">
      <Filter>Panels</Filter>
    </ClCompile>
  </ItemGroup>
  <ItemGroup>
    <ClInclude Include="Application.h" />
    <ClInclude Include="MathGeoLib\include\Geometry\AABB.h">
      <Filter>GeoLib</Filter>
    </ClInclude>
    <ClInclude Include="MathGeoLib\include\Geometry\AABB2D.h">
      <Filter>GeoLib</Filter>
    </ClInclude>
    <ClInclude Include="MathGeoLib\include\Math\assume.h">
      <Filter>GeoLib</Filter>
    </ClInclude>
    <ClInclude Include="MathGeoLib\include\Math\BitOps.h">
      <Filter>GeoLib</Filter>
    </ClInclude>
    <ClInclude Include="MathGeoLib\include\Geometry\Capsule.h">
      <Filter>GeoLib</Filter>
    </ClInclude>
    <ClInclude Include="MathGeoLib\include\Geometry\Circle.h">
      <Filter>GeoLib</Filter>
    </ClInclude>
    <ClInclude Include="MathGeoLib\include\Time\Clock.h">
      <Filter>GeoLib</Filter>
    </ClInclude>
    <ClInclude Include="MathGeoLib\include\Math\Complex.h">
      <Filter>GeoLib</Filter>
    </ClInclude>
    <ClInclude Include="MathGeoLib\include\Geometry\Cone.h">
      <Filter>GeoLib</Filter>
    </ClInclude>
    <ClInclude Include="MathGeoLib\include\Math\CoordinateAxisConvention.h">
      <Filter>GeoLib</Filter>
    </ClInclude>
    <ClInclude Include="MathGeoLib\include\Geometry\Cylinder.h">
      <Filter>GeoLib</Filter>
    </ClInclude>
    <ClInclude Include="MathGeoLib\include\Math\float2.h">
      <Filter>GeoLib</Filter>
    </ClInclude>
    <ClInclude Include="MathGeoLib\include\Math\float3.h">
      <Filter>GeoLib</Filter>
    </ClInclude>
    <ClInclude Include="MathGeoLib\include\Math\float3x3.h">
      <Filter>GeoLib</Filter>
    </ClInclude>
    <ClInclude Include="MathGeoLib\include\Math\float3x4.h">
      <Filter>GeoLib</Filter>
    </ClInclude>
    <ClInclude Include="MathGeoLib\include\Math\float4.h">
      <Filter>GeoLib</Filter>
    </ClInclude>
    <ClInclude Include="MathGeoLib\include\Math\float4_neon.h">
      <Filter>GeoLib</Filter>
    </ClInclude>
    <ClInclude Include="MathGeoLib\include\Math\float4_sse.h">
      <Filter>GeoLib</Filter>
    </ClInclude>
    <ClInclude Include="MathGeoLib\include\Math\float4x4.h">
      <Filter>GeoLib</Filter>
    </ClInclude>
    <ClInclude Include="MathGeoLib\include\Math\float4x4_neon.h">
      <Filter>GeoLib</Filter>
    </ClInclude>
    <ClInclude Include="MathGeoLib\include\Math\float4x4_sse.h">
      <Filter>GeoLib</Filter>
    </ClInclude>
    <ClInclude Include="MathGeoLib\include\Math\FloatCmp.h">
      <Filter>GeoLib</Filter>
    </ClInclude>
    <ClInclude Include="MathGeoLib\include\Math\MathAll.h">
      <Filter>GeoLib</Filter>
    </ClInclude>
    <ClInclude Include="MathGeoLib\include\Math\MathConstants.h">
      <Filter>GeoLib</Filter>
    </ClInclude>
    <ClInclude Include="MathGeoLib\include\Math\MathFunc.h">
      <Filter>GeoLib</Filter>
    </ClInclude>
    <ClInclude Include="MathGeoLib\include\Math\MathLog.h">
      <Filter>GeoLib</Filter>
    </ClInclude>
    <ClInclude Include="MathGeoLib\include\Math\MathNamespace.h">
      <Filter>GeoLib</Filter>
    </ClInclude>
    <ClInclude Include="MathGeoLib\include\Math\MathTypes.h">
      <Filter>GeoLib</Filter>
    </ClInclude>
    <ClInclude Include="MathGeoLib\include\Math\MatrixProxy.h">
      <Filter>GeoLib</Filter>
    </ClInclude>
    <ClInclude Include="MathGeoLib\include\Math\FixedPoint.h">
      <Filter>GeoLib</Filter>
    </ClInclude>
    <ClInclude Include="MathGeoLib\include\Geometry\Frustum.h">
      <Filter>GeoLib</Filter>
    </ClInclude>
    <ClInclude Include="MathGeoLib\include\Geometry\GeometryAll.h">
      <Filter>GeoLib</Filter>
    </ClInclude>
    <ClInclude Include="MathGeoLib\include\Geometry\GeomType.h">
      <Filter>GeoLib</Filter>
    </ClInclude>
    <ClInclude Include="MathGeoLib\include\Geometry\HitInfo.h">
      <Filter>GeoLib</Filter>
    </ClInclude>
    <ClInclude Include="MathGeoLib\include\Geometry\KDTree.h">
      <Filter>GeoLib</Filter>
    </ClInclude>
    <ClInclude Include="MathGeoLib\include\Algorithm\Random\LCG.h">
      <Filter>GeoLib</Filter>
    </ClInclude>
    <ClInclude Include="MathGeoLib\include\Geometry\Line.h">
      <Filter>GeoLib</Filter>
    </ClInclude>
    <ClInclude Include="MathGeoLib\include\Geometry\LineSegment.h">
      <Filter>GeoLib</Filter>
    </ClInclude>
    <ClInclude Include="MathGeoLib\include\Geometry\TriangleMesh.h">
      <Filter>GeoLib</Filter>
    </ClInclude>
    <ClInclude Include="MathGeoLib\include\Geometry\OBB.h">
      <Filter>GeoLib</Filter>
    </ClInclude>
    <ClInclude Include="MathGeoLib\include\Geometry\PBVolume.h">
      <Filter>GeoLib</Filter>
    </ClInclude>
    <ClInclude Include="MathGeoLib\include\Geometry\Plane.h">
      <Filter>GeoLib</Filter>
    </ClInclude>
    <ClInclude Include="MathGeoLib\include\Geometry\Polygon.h">
      <Filter>GeoLib</Filter>
    </ClInclude>
    <ClInclude Include="MathGeoLib\include\Geometry\Polyhedron.h">
      <Filter>GeoLib</Filter>
    </ClInclude>
    <ClInclude Include="MathGeoLib\include\Math\Polynomial.h">
      <Filter>GeoLib</Filter>
    </ClInclude>
    <ClInclude Include="MathGeoLib\include\Geometry\QuadTree.h">
      <Filter>GeoLib</Filter>
    </ClInclude>
    <ClInclude Include="MathGeoLib\include\Math\Quat.h">
      <Filter>GeoLib</Filter>
    </ClInclude>
    <ClInclude Include="MathGeoLib\include\Math\quat_simd.h">
      <Filter>GeoLib</Filter>
    </ClInclude>
    <ClInclude Include="MathGeoLib\include\Geometry\Ray.h">
      <Filter>GeoLib</Filter>
    </ClInclude>
    <ClInclude Include="MathGeoLib\include\Math\Rect.h">
      <Filter>GeoLib</Filter>
    </ClInclude>
    <ClInclude Include="MathGeoLib\include\Math\Reinterpret.h">
      <Filter>GeoLib</Filter>
    </ClInclude>
    <ClInclude Include="MathGeoLib\include\Geometry\Sphere.h">
      <Filter>GeoLib</Filter>
    </ClInclude>
    <ClInclude Include="MathGeoLib\include\Math\sse_mathfun.h">
      <Filter>GeoLib</Filter>
    </ClInclude>
    <ClInclude Include="MathGeoLib\include\Math\SSEMath.h">
      <Filter>GeoLib</Filter>
    </ClInclude>
    <ClInclude Include="MathGeoLib\include\Math\TransformOps.h">
      <Filter>GeoLib</Filter>
    </ClInclude>
    <ClInclude Include="MathGeoLib\include\Geometry\Triangle.h">
      <Filter>GeoLib</Filter>
    </ClInclude>
    <ClInclude Include="Module.h">
      <Filter>Modules</Filter>
    </ClInclude>
    <ClInclude Include="ModuleInput.h">
      <Filter>Modules</Filter>
    </ClInclude>
    <ClInclude Include="ModuleProgram.h">
      <Filter>Modules</Filter>
    </ClInclude>
    <ClInclude Include="ModuleRender.h">
      <Filter>Modules</Filter>
    </ClInclude>
    <ClInclude Include="ModuleTextures.h">
      <Filter>Modules</Filter>
    </ClInclude>
    <ClInclude Include="ModuleWindow.h">
      <Filter>Modules</Filter>
    </ClInclude>
    <ClInclude Include="MathGeoLib\include\Math\myassert.h">
      <Filter>Utils</Filter>
    </ClInclude>
    <ClInclude Include="Globals.h">
      <Filter>Utils</Filter>
    </ClInclude>
    <ClInclude Include="ModuleEditor.h">
      <Filter>Modules</Filter>
    </ClInclude>
    <ClInclude Include="Point.h">
      <Filter>Utils</Filter>
    </ClInclude>
    <ClInclude Include="ModuleCamera.h">
      <Filter>Modules</Filter>
    </ClInclude>
    <ClInclude Include="Timer.h">
      <Filter>Utils</Filter>
    </ClInclude>
    <ClInclude Include="Panel.h">
      <Filter>Panels</Filter>
    </ClInclude>
    <ClInclude Include="PanelConsole.h">
      <Filter>Panels</Filter>
    </ClInclude>
    <ClInclude Include="PanelConfiguration.h">
      <Filter>Panels</Filter>
    </ClInclude>
    <ClInclude Include="PanelAbout.h">
      <Filter>Panels</Filter>
    </ClInclude>
    <ClInclude Include="PanelHardware.h">
      <Filter>Panels</Filter>
    </ClInclude>
    <ClInclude Include="GameObject.h">
      <Filter>GameObject</Filter>
    </ClInclude>
    <ClInclude Include="Component.h">
      <Filter>Component</Filter>
    </ClInclude>
    <ClInclude Include="ComponentTransform.h">
      <Filter>Component</Filter>
    </ClInclude>
    <ClInclude Include="ModuleScene.h">
      <Filter>Modules</Filter>
    </ClInclude>
    <ClInclude Include="PanelHierarchy.h">
      <Filter>Panels</Filter>
    </ClInclude>
    <ClInclude Include="PanelInspector.h">
      <Filter>Panels</Filter>
    </ClInclude>
    <ClInclude Include="debug_draw.hpp">
      <Filter>Utils</Filter>
    </ClInclude>
    <ClInclude Include="par_shapes.h">
      <Filter>Utils</Filter>
    </ClInclude>
    <ClInclude Include="ComponentCamera.h">
      <Filter>Component</Filter>
    </ClInclude>
    <ClInclude Include="ModuleFileSystem.h">
      <Filter>Modules</Filter>
    </ClInclude>
    <ClInclude Include="FileImporter.h">
      <Filter>Importer</Filter>
    </ClInclude>
    <ClInclude Include="ComponentLight.h">
      <Filter>Component</Filter>
    </ClInclude>
    <ClInclude Include="ModuleResourceManager.h">
      <Filter>Modules</Filter>
    </ClInclude>
    <ClInclude Include="ComponentRenderer.h">
      <Filter>Component</Filter>
    </ClInclude>
    <ClInclude Include="MaterialEditor.h">
      <Filter>Material</Filter>
    </ClInclude>
    <ClInclude Include="ImGuizmo\ImGuizmo.h">
      <Filter>Imguizmo</Filter>
    </ClInclude>
    <ClInclude Include="myQuadTree.h">
      <Filter>Tree</Filter>
    </ClInclude>
    <ClInclude Include="JSON.h">
      <Filter>Importer</Filter>
    </ClInclude>
    <ClInclude Include="AABBTree.h">
      <Filter>Tree</Filter>
    </ClInclude>
    <ClInclude Include="GUICreator.h" />
    <ClInclude Include="FileExplorer.h" />
    <ClInclude Include="PanelTime.h">
      <Filter>Panels</Filter>
    </ClInclude>
    <ClInclude Include="ModuleTime.h">
      <Filter>Modules</Filter>
    </ClInclude>
    <ClInclude Include="KDTree.h">
      <Filter>Tree</Filter>
    </ClInclude>
    <ClInclude Include="ModuleSpacePartitioning.h">
      <Filter>Modules</Filter>
    </ClInclude>
    <ClInclude Include="ComponentScript.h">
      <Filter>Component</Filter>
    </ClInclude>
    <ClInclude Include="ModuleScript.h">
      <Filter>Modules</Filter>
    </ClInclude>
    <ClInclude Include="debugdraw.h">
      <Filter>Utils</Filter>
    </ClInclude>
    <ClInclude Include="ModuleDebugDraw.h">
      <Filter>Modules</Filter>
    </ClInclude>
    <ClInclude Include="Resource.h">
      <Filter>Resources</Filter>
    </ClInclude>
    <ClInclude Include="ResourceTexture.h">
      <Filter>Resources</Filter>
    </ClInclude>
    <ClInclude Include="ResourceMesh.h">
      <Filter>Resources</Filter>
    </ClInclude>
    <ClInclude Include="PanelResourceManager.h">
      <Filter>Panels</Filter>
    </ClInclude>
    <ClInclude Include="ResourceMaterial.h">
      <Filter>Resources</Filter>
    </ClInclude>
    <ClInclude Include="ResourceSkybox.h">
      <Filter>Resources</Filter>
    </ClInclude>
    <ClInclude Include="ModuleUI.h">
      <Filter>Modules</Filter>
    </ClInclude>
    <ClInclude Include="ComponentTransform2D.h">
      <Filter>Component</Filter>
    </ClInclude>
    <ClInclude Include="ModuleFontLoader.h">
      <Filter>Modules</Filter>
    </ClInclude>
    <ClInclude Include="ComponentImage.h">
      <Filter>Component</Filter>
    </ClInclude>
    <ClInclude Include="ComponentText.h">
      <Filter>Component</Filter>
    </ClInclude>
    <ClInclude Include="ModuleDevelopmentBuildDebug.h">
      <Filter>Modules</Filter>
    </ClInclude>
    <ClInclude Include="ComponentButton.h">
      <Filter>Component</Filter>
    </ClInclude>
    <ClInclude Include="ComponentAnimation.h">
      <Filter>Component</Filter>
    </ClInclude>
    <ClInclude Include="MemoryModule.h">
      <Filter>ScriptingResources</Filter>
    </ClInclude>
    <ClInclude Include="engineResource.h">
      <Filter>ScriptingResources</Filter>
    </ClInclude>
    <ClInclude Include="Resource.h">
      <Filter>Resources</Filter>
    </ClInclude>
    <ClInclude Include="ComponentButton.h">
      <Filter>Component</Filter>
    </ClInclude>
    <ClInclude Include="PanelBrowser.h">
      <Filter>Panels</Filter>
    </ClInclude>
    <ClInclude Include="PanelState.h">
      <Filter>Panels</Filter>
    </ClInclude>
    <ClInclude Include="PanelAnimation.h">
      <Filter>Panels</Filter>
    </ClInclude>
    <ClInclude Include="AnimationController.h">
      <Filter>Animation</Filter>
    </ClInclude>
    <ClInclude Include="StateMachine.h">
      <Filter>Animation</Filter>
    </ClInclude>
    <ClInclude Include="ComponentAnimation.h">
      <Filter>Component</Filter>
    </ClInclude>
    <ClInclude Include="ResourceAnimation.h">
      <Filter>Resources</Filter>
    </ClInclude>
    <ClInclude Include="strpool.h">
      <Filter>Utils</Filter>
    </ClInclude>
    <ClInclude Include="HashString.h">
      <Filter>Utils</Filter>
    </ClInclude>
    <ClInclude Include="ResourceModel.h">
      <Filter>Resources</Filter>
    </ClInclude>
    <ClInclude Include="Viewport.h">
      <Filter>Panels</Filter>
    </ClInclude>
  </ItemGroup>
  <ItemGroup>
    <Filter Include="GeoLib">
      <UniqueIdentifier>{4e6fa6eb-a274-42c9-a7e6-6e1d502d9cf4}</UniqueIdentifier>
    </Filter>
    <Filter Include="Modules">
      <UniqueIdentifier>{42368395-6424-4d64-a4e1-676457c71a6b}</UniqueIdentifier>
    </Filter>
    <Filter Include="Shaders">
      <UniqueIdentifier>{db4ddeed-7944-48a0-9a56-611e8baabcdd}</UniqueIdentifier>
    </Filter>
    <Filter Include="Utils">
      <UniqueIdentifier>{11066cf8-cf44-4725-9fa8-10243045e1fc}</UniqueIdentifier>
    </Filter>
    <Filter Include="Panels">
      <UniqueIdentifier>{17b8ca95-ad02-4efa-9a19-fcf1fe0c1651}</UniqueIdentifier>
    </Filter>
    <Filter Include="MMGR">
      <UniqueIdentifier>{33280eca-c888-4de1-bce6-abc654421e2c}</UniqueIdentifier>
    </Filter>
    <Filter Include="Component">
      <UniqueIdentifier>{e34d2e10-f3ce-41ef-81cc-dcd1adfc06de}</UniqueIdentifier>
    </Filter>
    <Filter Include="GameObject">
      <UniqueIdentifier>{1b7155fa-438e-4cad-9a0a-45ec218e0284}</UniqueIdentifier>
    </Filter>
    <Filter Include="Importer">
      <UniqueIdentifier>{58053e56-3f23-444e-871d-6418dd18dda7}</UniqueIdentifier>
    </Filter>
    <Filter Include="Material">
      <UniqueIdentifier>{c4c3d17a-32f9-4c6a-9fda-d5e7091d7f46}</UniqueIdentifier>
    </Filter>
    <Filter Include="Imguizmo">
      <UniqueIdentifier>{9e2074d8-5d2f-409c-8cec-92fa39546ba0}</UniqueIdentifier>
    </Filter>
    <Filter Include="Tree">
      <UniqueIdentifier>{640a2da3-0a48-4b71-8419-e266d3f70572}</UniqueIdentifier>
    </Filter>
    <Filter Include="Resources">
      <UniqueIdentifier>{3caabedb-7473-40ca-99fc-312732dd7b04}</UniqueIdentifier>
    </Filter>
    <Filter Include="Animation">
      <UniqueIdentifier>{0593e576-d4f8-4a18-94ae-dfbbd35b8926}</UniqueIdentifier>
    </Filter>
    <Filter Include="ScriptingResources">
      <UniqueIdentifier>{4106b4cd-c836-4c93-8119-c03c1ba0d34b}</UniqueIdentifier>
    </Filter>
  </ItemGroup>
  <ItemGroup>
    <None Include="..\Game\Shaders\FragmentShaders\Default.fs">
      <Filter>Shaders</Filter>
    </None>
    <None Include="..\Game\Shaders\VertexShaders\Default.vs">
      <Filter>Shaders</Filter>
    </None>
    <None Include="..\Game\Shaders\FragmentShaders\PBR.fs">
      <Filter>Shaders</Filter>
    </None>
    <None Include="..\Game\Shaders\VertexShaders\PBR.vs">
      <Filter>Shaders</Filter>
    </None>
    <None Include="..\Game\Shaders\VertexShaders\UI.vs">
      <Filter>Shaders</Filter>
    </None>
    <None Include="..\Game\Shaders\FragmentShaders\UI.fs">
      <Filter>Shaders</Filter>
    </None>
    <None Include="..\Game\Shaders\FragmentShaders\Fonts.fs">
      <Filter>Shaders</Filter>
    </None>
    <None Include="..\Game\Shaders\VertexShaders\Fonts.vs">
      <Filter>Shaders</Filter>
    </None>
    <None Include="..\Game\Scripts\PlayerMovement.dll">
      <Filter>ScriptingResources</Filter>
    </None>
  </ItemGroup>
  <ItemGroup>
    <ResourceCompile Include="Engine.rc">
      <Filter>ScriptingResources</Filter>
    </ResourceCompile>
  </ItemGroup>
</Project>
