<?xml version="1.0" encoding="utf-8"?>
<Project ToolsVersion="4.0" xmlns="http://schemas.microsoft.com/developer/msbuild/2003">
  <ItemGroup>
    <ClCompile Include="Application.cpp" />
    <ClCompile Include="Main.cpp" />
    <ClCompile Include="ModuleInput.cpp">
      <Filter>Modules</Filter>
    </ClCompile>
    <ClCompile Include="ModuleProgram.cpp">
      <Filter>Modules</Filter>
    </ClCompile>
    <ClCompile Include="ModuleRender.cpp">
      <Filter>Modules</Filter>
    </ClCompile>
    <ClCompile Include="ModuleTextures.cpp">
      <Filter>Modules</Filter>
    </ClCompile>
    <ClCompile Include="ModuleWindow.cpp">
      <Filter>Modules</Filter>
    </ClCompile>
    <ClCompile Include="ModuleEditor.cpp">
      <Filter>Modules</Filter>
    </ClCompile>
    <ClCompile Include="ModuleCamera.cpp">
      <Filter>Modules</Filter>
    </ClCompile>
    <ClCompile Include="Timer.cpp">
      <Filter>Utils</Filter>
    </ClCompile>
    <ClCompile Include="PanelConsole.cpp">
      <Filter>Panels</Filter>
    </ClCompile>
    <ClCompile Include="PanelConfiguration.cpp">
      <Filter>Panels</Filter>
    </ClCompile>
    <ClCompile Include="PanelAbout.cpp">
      <Filter>Panels</Filter>
    </ClCompile>
    <ClCompile Include="PanelHardware.cpp">
      <Filter>Panels</Filter>
    </ClCompile>
    <ClCompile Include="GameObject.cpp">
      <Filter>GameObject</Filter>
    </ClCompile>
    <ClCompile Include="Component.cpp">
      <Filter>Component</Filter>
    </ClCompile>
    <ClCompile Include="ComponentTransform.cpp">
      <Filter>Component</Filter>
    </ClCompile>
    <ClCompile Include="ModuleScene.cpp">
      <Filter>Modules</Filter>
    </ClCompile>
    <ClCompile Include="PanelInspector.cpp">
      <Filter>Panels</Filter>
    </ClCompile>
    <ClCompile Include="ComponentCamera.cpp">
      <Filter>Component</Filter>
    </ClCompile>
    <ClCompile Include="ModuleFileSystem.cpp">
      <Filter>Modules</Filter>
    </ClCompile>
    <ClCompile Include="ComponentLight.cpp">
      <Filter>Component</Filter>
    </ClCompile>
    <ClCompile Include="ModuleResourceManager.cpp">
      <Filter>Modules</Filter>
    </ClCompile>
    <ClCompile Include="ComponentRenderer.cpp">
      <Filter>Component</Filter>
    </ClCompile>
    <ClCompile Include="MaterialEditor.cpp">
      <Filter>Material</Filter>
    </ClCompile>
    <ClCompile Include="ImGuizmo\ImGuizmo.cpp">
      <Filter>Imguizmo</Filter>
    </ClCompile>
    <ClCompile Include="myQuadTree.cpp">
      <Filter>Tree</Filter>
    </ClCompile>
    <ClCompile Include="JSON.cpp">
      <Filter>Importer</Filter>
    </ClCompile>
    <ClCompile Include="AABBTree.cpp">
      <Filter>Tree</Filter>
    </ClCompile>
    <ClCompile Include="GUICreator.cpp" />
    <ClCompile Include="FileExplorer.cpp" />
    <ClCompile Include="PanelTime.cpp">
      <Filter>Panels</Filter>
    </ClCompile>
    <ClCompile Include="ModuleTime.cpp">
      <Filter>Modules</Filter>
    </ClCompile>
    <ClCompile Include="KDTree.cpp">
      <Filter>Tree</Filter>
    </ClCompile>
    <ClCompile Include="ModuleSpacePartitioning.cpp">
      <Filter>Modules</Filter>
    </ClCompile>
    <ClCompile Include="ModuleScript.cpp">
      <Filter>Modules</Filter>
    </ClCompile>
    <ClCompile Include="log.cpp">
      <Filter>Utils</Filter>
    </ClCompile>
    <ClCompile Include="ModuleDebugDraw.cpp">
      <Filter>Modules</Filter>
    </ClCompile>
    <ClCompile Include="Resource.cpp">
      <Filter>Resources</Filter>
    </ClCompile>
    <ClCompile Include="ResourceMesh.cpp">
      <Filter>Resources</Filter>
    </ClCompile>
    <ClCompile Include="PanelResourceManager.cpp">
      <Filter>Panels</Filter>
    </ClCompile>
    <ClCompile Include="ResourceMaterial.cpp">
      <Filter>Resources</Filter>
    </ClCompile>
    <ClCompile Include="ResourceSkybox.cpp">
      <Filter>Resources</Filter>
    </ClCompile>
    <ClCompile Include="ModuleUI.cpp">
      <Filter>Modules</Filter>
    </ClCompile>
    <ClCompile Include="ComponentAnimation.cpp">
      <Filter>Component</Filter>
    </ClCompile>
    <ClCompile Include="PanelState.cpp">
      <Filter>Panels</Filter>
    </ClCompile>
    <ClCompile Include="MemoryModule.c">
      <Filter>ScriptingResources</Filter>
    </ClCompile>
    <ClCompile Include="PanelBrowser.cpp">
      <Filter>Panels</Filter>
    </ClCompile>
    <ClCompile Include="PanelAnimation.cpp">
      <Filter>Panels</Filter>
    </ClCompile>
    <ClCompile Include="PanelState.cpp">
      <Filter>Panels</Filter>
    </ClCompile>
    <ClCompile Include="AnimationController.cpp">
      <Filter>Animation</Filter>
    </ClCompile>
    <ClCompile Include="ComponentTransform2D.cpp">
      <Filter>Component</Filter>
    </ClCompile>
    <ClCompile Include="ModuleFontLoader.cpp">
      <Filter>Modules</Filter>
    </ClCompile>
    <ClCompile Include="ComponentImage.cpp">
      <Filter>Component</Filter>
    </ClCompile>
    <ClCompile Include="ComponentText.cpp">
      <Filter>Component</Filter>
    </ClCompile>
    <ClCompile Include="ModuleDevelopmentBuildDebug.cpp">
      <Filter>Modules</Filter>
    </ClCompile>
    <ClCompile Include="ComponentButton.cpp">
      <Filter>Component</Filter>
    </ClCompile>
    <ClCompile Include="FileImporter.cpp" />
    <ClCompile Include="HashString.cpp" />
    <ClCompile Include="ResourceAnimation.cpp">
      <Filter>Resources</Filter>
    </ClCompile>
    <ClCompile Include="ResourceModel.cpp">
      <Filter>Resources</Filter>
    </ClCompile>
    <ClCompile Include="FileImporter.cpp">
      <Filter>Importer</Filter>
    </ClCompile>
    <ClCompile Include="ResourceTexture.cpp">
      <Filter>Resources</Filter>
    </ClCompile>
    <ClCompile Include="PanelHierarchy.cpp">
      <Filter>Panels</Filter>
    </ClCompile>
    <ClCompile Include="Viewport.cpp">
      <Filter>Panels</Filter>
    </ClCompile>
    <ClCompile Include="ResourceScene.cpp">
      <Filter>Resources</Filter>
    </ClCompile>
    <ClCompile Include="NodeEditor\Source\Editor.cpp" />
    <ClCompile Include="ComponentAudioListener.cpp">
      <Filter>Component</Filter>
    </ClCompile>
    <ClCompile Include="ComponentAudioSource.cpp">
      <Filter>Component</Filter>
    </ClCompile>
    <ClCompile Include="ComponentParticles.cpp">
      <Filter>Component</Filter>
    </ClCompile>
    <ClCompile Include="ComponentReverbZone.cpp">
      <Filter>Component</Filter>
    </ClCompile>
    <ClCompile Include="ComponentTrail.cpp">
      <Filter>Component</Filter>
    </ClCompile>
    <ClCompile Include="ModuleAudioManager.cpp">
      <Filter>Modules</Filter>
    </ClCompile>
    <ClCompile Include="ModuleParticles.cpp">
      <Filter>Modules</Filter>
    </ClCompile>
    <ClCompile Include="Soloud\fractal_includes\soloud.cpp">
      <Filter>SoLoud</Filter>
    </ClCompile>
    <ClCompile Include="Soloud\fractal_includes\soloud_audiosource.cpp">
      <Filter>SoLoud</Filter>
    </ClCompile>
    <ClCompile Include="Soloud\fractal_includes\soloud_bus.cpp">
      <Filter>SoLoud</Filter>
    </ClCompile>
    <ClCompile Include="Soloud\fractal_includes\soloud_core_3d.cpp">
      <Filter>SoLoud</Filter>
    </ClCompile>
    <ClCompile Include="Soloud\fractal_includes\soloud_core_basicops.cpp">
      <Filter>SoLoud</Filter>
    </ClCompile>
    <ClCompile Include="Soloud\fractal_includes\soloud_core_faderops.cpp">
      <Filter>SoLoud</Filter>
    </ClCompile>
    <ClCompile Include="Soloud\fractal_includes\soloud_core_filterops.cpp">
      <Filter>SoLoud</Filter>
    </ClCompile>
    <ClCompile Include="Soloud\fractal_includes\soloud_core_getters.cpp">
      <Filter>SoLoud</Filter>
    </ClCompile>
    <ClCompile Include="Soloud\fractal_includes\soloud_core_setters.cpp">
      <Filter>SoLoud</Filter>
    </ClCompile>
    <ClCompile Include="Soloud\fractal_includes\soloud_core_voicegroup.cpp">
      <Filter>SoLoud</Filter>
    </ClCompile>
    <ClCompile Include="Soloud\fractal_includes\soloud_core_voiceops.cpp">
      <Filter>SoLoud</Filter>
    </ClCompile>
    <ClCompile Include="Soloud\fractal_includes\soloud_echofilter.cpp">
      <Filter>SoLoud</Filter>
    </ClCompile>
    <ClCompile Include="Soloud\fractal_includes\soloud_fader.cpp">
      <Filter>SoLoud</Filter>
    </ClCompile>
    <ClCompile Include="Soloud\fractal_includes\soloud_fft.cpp">
      <Filter>SoLoud</Filter>
    </ClCompile>
    <ClCompile Include="Soloud\fractal_includes\soloud_fft_lut.cpp">
      <Filter>SoLoud</Filter>
    </ClCompile>
    <ClCompile Include="Soloud\fractal_includes\soloud_file.cpp">
      <Filter>SoLoud</Filter>
    </ClCompile>
    <ClCompile Include="Soloud\fractal_includes\soloud_filter.cpp">
      <Filter>SoLoud</Filter>
    </ClCompile>
    <ClCompile Include="Soloud\fractal_includes\soloud_queue.cpp">
      <Filter>SoLoud</Filter>
    </ClCompile>
    <ClCompile Include="Soloud\fractal_includes\soloud_sdl1.cpp">
      <Filter>SoLoud</Filter>
    </ClCompile>
    <ClCompile Include="Soloud\fractal_includes\soloud_sdl1_dll.c">
      <Filter>SoLoud</Filter>
    </ClCompile>
    <ClCompile Include="Soloud\fractal_includes\soloud_sdl2.cpp">
      <Filter>SoLoud</Filter>
    </ClCompile>
    <ClCompile Include="Soloud\fractal_includes\soloud_sdl2_dll.c">
      <Filter>SoLoud</Filter>
    </ClCompile>
    <ClCompile Include="Soloud\fractal_includes\soloud_thread.cpp">
      <Filter>SoLoud</Filter>
    </ClCompile>
    <ClCompile Include="Soloud\fractal_includes\soloud_wav.cpp">
      <Filter>SoLoud</Filter>
    </ClCompile>
    <ClCompile Include="Soloud\fractal_includes\soloud_wavstream.cpp">
      <Filter>SoLoud</Filter>
    </ClCompile>
    <ClCompile Include="Soloud\fractal_includes\stb_vorbis.c">
      <Filter>SoLoud</Filter>
    </ClCompile>
    <ClCompile Include="NodeEditor\Source\NodeEditor.cpp">
      <Filter>Animation</Filter>
    </ClCompile>
    <ClCompile Include="Recast\DebugUtils\DebugDraw.cpp" />
    <ClCompile Include="ModuleNavigation.cpp">
      <Filter>Modules</Filter>
    </ClCompile>
    <ClCompile Include="PanelNavigation.cpp">
      <Filter>Panels</Filter>
    </ClCompile>
    <ClCompile Include="DetourDebugInterface.cpp" />
    <ClCompile Include="BaseScript.cpp">
      <Filter>Component</Filter>
    </ClCompile>
    <ClCompile Include="ComponentBoxTrigger.cpp">
      <Filter>Component</Filter>
    </ClCompile>
    <ClCompile Include="ModuleCollisions.cpp">
      <Filter>Modules</Filter>
    </ClCompile>
    <ClCompile Include="Soloud\fractal_includes\dr_impl.cpp">
      <Filter>SoLoud</Filter>
    </ClCompile>
    <ClCompile Include="imgui_color_gradient.cpp" />
    <ClCompile Include="ResourceStateMachine.cpp">
      <Filter>Resources</Filter>
    </ClCompile>
    <ClCompile Include="ResourceAudio.cpp">
      <Filter>Resources</Filter>
    </ClCompile>
    <ClCompile Include="ResourcePrefab.cpp">
      <Filter>Resources</Filter>
    </ClCompile>
  </ItemGroup>
  <ItemGroup>
    <ClInclude Include="Application.h" />
    <ClInclude Include="Module.h">
      <Filter>Modules</Filter>
    </ClInclude>
    <ClInclude Include="ModuleInput.h">
      <Filter>Modules</Filter>
    </ClInclude>
    <ClInclude Include="ModuleProgram.h">
      <Filter>Modules</Filter>
    </ClInclude>
    <ClInclude Include="ModuleRender.h">
      <Filter>Modules</Filter>
    </ClInclude>
    <ClInclude Include="ModuleTextures.h">
      <Filter>Modules</Filter>
    </ClInclude>
    <ClInclude Include="ModuleWindow.h">
      <Filter>Modules</Filter>
    </ClInclude>
    <ClInclude Include="MathGeoLib\include\Math\myassert.h">
      <Filter>Utils</Filter>
    </ClInclude>
    <ClInclude Include="Globals.h">
      <Filter>Utils</Filter>
    </ClInclude>
    <ClInclude Include="ModuleEditor.h">
      <Filter>Modules</Filter>
    </ClInclude>
    <ClInclude Include="Point.h">
      <Filter>Utils</Filter>
    </ClInclude>
    <ClInclude Include="ModuleCamera.h">
      <Filter>Modules</Filter>
    </ClInclude>
    <ClInclude Include="Timer.h">
      <Filter>Utils</Filter>
    </ClInclude>
    <ClInclude Include="Panel.h">
      <Filter>Panels</Filter>
    </ClInclude>
    <ClInclude Include="PanelConsole.h">
      <Filter>Panels</Filter>
    </ClInclude>
    <ClInclude Include="PanelConfiguration.h">
      <Filter>Panels</Filter>
    </ClInclude>
    <ClInclude Include="PanelAbout.h">
      <Filter>Panels</Filter>
    </ClInclude>
    <ClInclude Include="PanelHardware.h">
      <Filter>Panels</Filter>
    </ClInclude>
    <ClInclude Include="GameObject.h">
      <Filter>GameObject</Filter>
    </ClInclude>
    <ClInclude Include="Component.h">
      <Filter>Component</Filter>
    </ClInclude>
    <ClInclude Include="ComponentTransform.h">
      <Filter>Component</Filter>
    </ClInclude>
    <ClInclude Include="ModuleScene.h">
      <Filter>Modules</Filter>
    </ClInclude>
    <ClInclude Include="PanelHierarchy.h">
      <Filter>Panels</Filter>
    </ClInclude>
    <ClInclude Include="PanelInspector.h">
      <Filter>Panels</Filter>
    </ClInclude>
    <ClInclude Include="debug_draw.hpp">
      <Filter>Utils</Filter>
    </ClInclude>
    <ClInclude Include="par_shapes.h">
      <Filter>Utils</Filter>
    </ClInclude>
    <ClInclude Include="ComponentCamera.h">
      <Filter>Component</Filter>
    </ClInclude>
    <ClInclude Include="ModuleFileSystem.h">
      <Filter>Modules</Filter>
    </ClInclude>
    <ClInclude Include="FileImporter.h">
      <Filter>Importer</Filter>
    </ClInclude>
    <ClInclude Include="ComponentLight.h">
      <Filter>Component</Filter>
    </ClInclude>
    <ClInclude Include="ModuleResourceManager.h">
      <Filter>Modules</Filter>
    </ClInclude>
    <ClInclude Include="ComponentRenderer.h">
      <Filter>Component</Filter>
    </ClInclude>
    <ClInclude Include="MaterialEditor.h">
      <Filter>Material</Filter>
    </ClInclude>
    <ClInclude Include="ImGuizmo\ImGuizmo.h">
      <Filter>Imguizmo</Filter>
    </ClInclude>
    <ClInclude Include="myQuadTree.h">
      <Filter>Tree</Filter>
    </ClInclude>
    <ClInclude Include="JSON.h">
      <Filter>Importer</Filter>
    </ClInclude>
    <ClInclude Include="AABBTree.h">
      <Filter>Tree</Filter>
    </ClInclude>
    <ClInclude Include="GUICreator.h" />
    <ClInclude Include="FileExplorer.h" />
    <ClInclude Include="PanelTime.h">
      <Filter>Panels</Filter>
    </ClInclude>
    <ClInclude Include="ModuleTime.h">
      <Filter>Modules</Filter>
    </ClInclude>
    <ClInclude Include="KDTree.h">
      <Filter>Tree</Filter>
    </ClInclude>
    <ClInclude Include="ModuleSpacePartitioning.h">
      <Filter>Modules</Filter>
    </ClInclude>
    <ClInclude Include="ModuleScript.h">
      <Filter>Modules</Filter>
    </ClInclude>
    <ClInclude Include="debugdraw.h">
      <Filter>Utils</Filter>
    </ClInclude>
    <ClInclude Include="ModuleDebugDraw.h">
      <Filter>Modules</Filter>
    </ClInclude>
    <ClInclude Include="Resource.h">
      <Filter>Resources</Filter>
    </ClInclude>
    <ClInclude Include="ResourceTexture.h">
      <Filter>Resources</Filter>
    </ClInclude>
    <ClInclude Include="ResourceMesh.h">
      <Filter>Resources</Filter>
    </ClInclude>
    <ClInclude Include="PanelResourceManager.h">
      <Filter>Panels</Filter>
    </ClInclude>
    <ClInclude Include="ResourceMaterial.h">
      <Filter>Resources</Filter>
    </ClInclude>
    <ClInclude Include="ResourceSkybox.h">
      <Filter>Resources</Filter>
    </ClInclude>
    <ClInclude Include="ModuleUI.h">
      <Filter>Modules</Filter>
    </ClInclude>
    <ClInclude Include="ComponentTransform2D.h">
      <Filter>Component</Filter>
    </ClInclude>
    <ClInclude Include="ModuleFontLoader.h">
      <Filter>Modules</Filter>
    </ClInclude>
    <ClInclude Include="ComponentImage.h">
      <Filter>Component</Filter>
    </ClInclude>
    <ClInclude Include="ComponentText.h">
      <Filter>Component</Filter>
    </ClInclude>
    <ClInclude Include="ModuleDevelopmentBuildDebug.h">
      <Filter>Modules</Filter>
    </ClInclude>
    <ClInclude Include="ComponentButton.h">
      <Filter>Component</Filter>
    </ClInclude>
    <ClInclude Include="ComponentAnimation.h">
      <Filter>Component</Filter>
    </ClInclude>
    <ClInclude Include="MemoryModule.h">
      <Filter>ScriptingResources</Filter>
    </ClInclude>
    <ClInclude Include="Resource.h">
      <Filter>Resources</Filter>
    </ClInclude>
    <ClInclude Include="ComponentButton.h">
      <Filter>Component</Filter>
    </ClInclude>
    <ClInclude Include="PanelBrowser.h">
      <Filter>Panels</Filter>
    </ClInclude>
    <ClInclude Include="PanelState.h">
      <Filter>Panels</Filter>
    </ClInclude>
    <ClInclude Include="PanelAnimation.h">
      <Filter>Panels</Filter>
    </ClInclude>
    <ClInclude Include="AnimationController.h">
      <Filter>Animation</Filter>
    </ClInclude>
    <ClInclude Include="ComponentAnimation.h">
      <Filter>Component</Filter>
    </ClInclude>
    <ClInclude Include="ResourceAnimation.h">
      <Filter>Resources</Filter>
    </ClInclude>
    <ClInclude Include="strpool.h">
      <Filter>Utils</Filter>
    </ClInclude>
    <ClInclude Include="HashString.h">
      <Filter>Utils</Filter>
    </ClInclude>
    <ClInclude Include="ResourceScene.h">
      <Filter>Resources</Filter>
    </ClInclude>
    <ClInclude Include="ResourceModel.h">
      <Filter>Resources</Filter>
    </ClInclude>
    <ClInclude Include="Viewport.h">
      <Filter>Panels</Filter>
    </ClInclude>
    <ClInclude Include="ImGUICurveUtils.h" />
    <ClInclude Include="NodeEditor\Include\ax\Math2D.h" />
    <ClInclude Include="NodeEditor\Source\Editor.h" />
    <ClInclude Include="NodeEditor\Source\Interop.h" />
    <ClInclude Include="ComponentAudioListener.h">
      <Filter>Component</Filter>
    </ClInclude>
    <ClInclude Include="ComponentAudioSource.h">
      <Filter>Component</Filter>
    </ClInclude>
    <ClInclude Include="ComponentParticles.h">
      <Filter>Component</Filter>
    </ClInclude>
    <ClInclude Include="ComponentReverbZone.h">
      <Filter>Component</Filter>
    </ClInclude>
    <ClInclude Include="ComponentTrail.h">
      <Filter>Component</Filter>
    </ClInclude>
    <ClInclude Include="ModuleAudioManager.h">
      <Filter>Modules</Filter>
    </ClInclude>
    <ClInclude Include="ModuleParticles.h">
      <Filter>Modules</Filter>
    </ClInclude>
    <ClInclude Include="Soloud\fractal_includes\soloud.h">
      <Filter>SoLoud</Filter>
    </ClInclude>
    <ClInclude Include="Soloud\fractal_includes\soloud_audiosource.h">
      <Filter>SoLoud</Filter>
    </ClInclude>
    <ClInclude Include="Soloud\fractal_includes\soloud_bassboostfilter.h">
      <Filter>SoLoud</Filter>
    </ClInclude>
    <ClInclude Include="Soloud\fractal_includes\soloud_biquadresonantfilter.h">
      <Filter>SoLoud</Filter>
    </ClInclude>
    <ClInclude Include="Soloud\fractal_includes\soloud_bus.h">
      <Filter>SoLoud</Filter>
    </ClInclude>
    <ClInclude Include="Soloud\fractal_includes\soloud_c.h">
      <Filter>SoLoud</Filter>
    </ClInclude>
    <ClInclude Include="Soloud\fractal_includes\soloud_dcremovalfilter.h">
      <Filter>SoLoud</Filter>
    </ClInclude>
    <ClInclude Include="Soloud\fractal_includes\soloud_echofilter.h">
      <Filter>SoLoud</Filter>
    </ClInclude>
    <ClInclude Include="Soloud\fractal_includes\soloud_error.h">
      <Filter>SoLoud</Filter>
    </ClInclude>
    <ClInclude Include="Soloud\fractal_includes\soloud_fader.h">
      <Filter>SoLoud</Filter>
    </ClInclude>
    <ClInclude Include="Soloud\fractal_includes\soloud_fft.h">
      <Filter>SoLoud</Filter>
    </ClInclude>
    <ClInclude Include="Soloud\fractal_includes\soloud_fftfilter.h">
      <Filter>SoLoud</Filter>
    </ClInclude>
    <ClInclude Include="Soloud\fractal_includes\soloud_file.h">
      <Filter>SoLoud</Filter>
    </ClInclude>
    <ClInclude Include="Soloud\fractal_includes\soloud_file_hack_off.h">
      <Filter>SoLoud</Filter>
    </ClInclude>
    <ClInclude Include="Soloud\fractal_includes\soloud_file_hack_on.h">
      <Filter>SoLoud</Filter>
    </ClInclude>
    <ClInclude Include="Soloud\fractal_includes\soloud_filter.h">
      <Filter>SoLoud</Filter>
    </ClInclude>
    <ClInclude Include="Soloud\fractal_includes\soloud_flangerfilter.h">
      <Filter>SoLoud</Filter>
    </ClInclude>
    <ClInclude Include="Soloud\fractal_includes\soloud_internal.h">
      <Filter>SoLoud</Filter>
    </ClInclude>
    <ClInclude Include="Soloud\fractal_includes\soloud_lofifilter.h">
      <Filter>SoLoud</Filter>
    </ClInclude>
    <ClInclude Include="Soloud\fractal_includes\soloud_monotone.h">
      <Filter>SoLoud</Filter>
    </ClInclude>
    <ClInclude Include="Soloud\fractal_includes\soloud_openmpt.h">
      <Filter>SoLoud</Filter>
    </ClInclude>
    <ClInclude Include="Soloud\fractal_includes\soloud_queue.h">
      <Filter>SoLoud</Filter>
    </ClInclude>
    <ClInclude Include="Soloud\fractal_includes\soloud_robotizefilter.h">
      <Filter>SoLoud</Filter>
    </ClInclude>
    <ClInclude Include="Soloud\fractal_includes\soloud_sfxr.h">
      <Filter>SoLoud</Filter>
    </ClInclude>
    <ClInclude Include="Soloud\fractal_includes\soloud_speech.h">
      <Filter>SoLoud</Filter>
    </ClInclude>
    <ClInclude Include="Soloud\fractal_includes\soloud_tedsid.h">
      <Filter>SoLoud</Filter>
    </ClInclude>
    <ClInclude Include="Soloud\fractal_includes\soloud_thread.h">
      <Filter>SoLoud</Filter>
    </ClInclude>
    <ClInclude Include="Soloud\fractal_includes\soloud_vic.h">
      <Filter>SoLoud</Filter>
    </ClInclude>
    <ClInclude Include="Soloud\fractal_includes\soloud_vizsn.h">
      <Filter>SoLoud</Filter>
    </ClInclude>
    <ClInclude Include="Soloud\fractal_includes\soloud_wav.h">
      <Filter>SoLoud</Filter>
    </ClInclude>
    <ClInclude Include="Soloud\fractal_includes\soloud_waveshaperfilter.h">
      <Filter>SoLoud</Filter>
    </ClInclude>
    <ClInclude Include="Soloud\fractal_includes\soloud_wavstream.h">
      <Filter>SoLoud</Filter>
    </ClInclude>
    <ClInclude Include="Soloud\fractal_includes\stb_vorbis.h">
      <Filter>SoLoud</Filter>
    </ClInclude>
    <ClInclude Include="NodeEditor\Include\NodeEditor.h">
      <Filter>Animation</Filter>
    </ClInclude>
    <ClInclude Include="Recast\DebugUtils\DebugDraw.h" />
    <ClInclude Include="ModuleNavigation.h">
      <Filter>Modules</Filter>
    </ClInclude>
    <ClInclude Include="PanelNavigation.h">
      <Filter>Panels</Filter>
    </ClInclude>
    <ClInclude Include="DetourDebugInterface.h" />
    <ClInclude Include="BaseScript.h">
      <Filter>Component</Filter>
    </ClInclude>
    <ClInclude Include="ComponentBoxTrigger.h">
      <Filter>Component</Filter>
    </ClInclude>
    <ClInclude Include="ModuleCollisions.h">
      <Filter>Modules</Filter>
    </ClInclude>
    <ClInclude Include="Soloud\fractal_includes\dr_wav.h">
      <Filter>SoLoud</Filter>
    </ClInclude>
    <ClInclude Include="Soloud\fractal_includes\dr_flac.h">
      <Filter>SoLoud</Filter>
    </ClInclude>
    <ClInclude Include="Soloud\fractal_includes\dr_mp3.h">
      <Filter>SoLoud</Filter>
    </ClInclude>
    <ClInclude Include="imgui_color_gradient.h" />
    <ClInclude Include="ResourceStateMachine.h">
      <Filter>Resources</Filter>
    </ClInclude>
    <ClInclude Include="ResourceAudio.h">
      <Filter>Resources</Filter>
    </ClInclude>
    <ClInclude Include="ResourcePrefab.h">
      <Filter>Resources</Filter>
    </ClInclude>
  </ItemGroup>
  <ItemGroup>
    <Filter Include="Modules">
      <UniqueIdentifier>{42368395-6424-4d64-a4e1-676457c71a6b}</UniqueIdentifier>
    </Filter>
    <Filter Include="Shaders">
      <UniqueIdentifier>{db4ddeed-7944-48a0-9a56-611e8baabcdd}</UniqueIdentifier>
    </Filter>
    <Filter Include="Utils">
      <UniqueIdentifier>{11066cf8-cf44-4725-9fa8-10243045e1fc}</UniqueIdentifier>
    </Filter>
    <Filter Include="Panels">
      <UniqueIdentifier>{17b8ca95-ad02-4efa-9a19-fcf1fe0c1651}</UniqueIdentifier>
    </Filter>
    <Filter Include="MMGR">
      <UniqueIdentifier>{33280eca-c888-4de1-bce6-abc654421e2c}</UniqueIdentifier>
    </Filter>
    <Filter Include="Component">
      <UniqueIdentifier>{e34d2e10-f3ce-41ef-81cc-dcd1adfc06de}</UniqueIdentifier>
    </Filter>
    <Filter Include="GameObject">
      <UniqueIdentifier>{1b7155fa-438e-4cad-9a0a-45ec218e0284}</UniqueIdentifier>
    </Filter>
    <Filter Include="Importer">
      <UniqueIdentifier>{58053e56-3f23-444e-871d-6418dd18dda7}</UniqueIdentifier>
    </Filter>
    <Filter Include="Material">
      <UniqueIdentifier>{c4c3d17a-32f9-4c6a-9fda-d5e7091d7f46}</UniqueIdentifier>
    </Filter>
    <Filter Include="Imguizmo">
      <UniqueIdentifier>{9e2074d8-5d2f-409c-8cec-92fa39546ba0}</UniqueIdentifier>
    </Filter>
    <Filter Include="Tree">
      <UniqueIdentifier>{640a2da3-0a48-4b71-8419-e266d3f70572}</UniqueIdentifier>
    </Filter>
    <Filter Include="Resources">
      <UniqueIdentifier>{3caabedb-7473-40ca-99fc-312732dd7b04}</UniqueIdentifier>
    </Filter>
    <Filter Include="Animation">
      <UniqueIdentifier>{0593e576-d4f8-4a18-94ae-dfbbd35b8926}</UniqueIdentifier>
    </Filter>
    <Filter Include="ScriptingResources">
      <UniqueIdentifier>{4106b4cd-c836-4c93-8119-c03c1ba0d34b}</UniqueIdentifier>
    </Filter>
    <Filter Include="SoLoud">
      <UniqueIdentifier>{2999c853-b5ef-41d3-b71b-d7547af0c9f2}</UniqueIdentifier>
    </Filter>
  </ItemGroup>
  <ItemGroup>
    <None Include="..\Game\Shaders\FragmentShaders\Default.fs">
      <Filter>Shaders</Filter>
    </None>
    <None Include="..\Game\Shaders\VertexShaders\Default.vs">
      <Filter>Shaders</Filter>
    </None>
    <None Include="..\Game\Shaders\FragmentShaders\PBR.fs">
      <Filter>Shaders</Filter>
    </None>
    <None Include="..\Game\Shaders\VertexShaders\PBR.vs">
      <Filter>Shaders</Filter>
    </None>
    <None Include="..\Game\Shaders\VertexShaders\UI.vs">
      <Filter>Shaders</Filter>
    </None>
    <None Include="..\Game\Shaders\FragmentShaders\UI.fs">
      <Filter>Shaders</Filter>
    </None>
    <None Include="..\Game\Shaders\FragmentShaders\Fonts.fs">
      <Filter>Shaders</Filter>
    </None>
    <None Include="..\Game\Shaders\VertexShaders\Fonts.vs">
      <Filter>Shaders</Filter>
    </None>
    <None Include="NodeEditor\Include\ax\Math2D.inl" />
    <None Include="..\Game\Shaders\FragmentShaders\Particles.fs">
      <Filter>Shaders</Filter>
    </None>
    <None Include="..\Game\Shaders\VertexShaders\Particles.vs">
      <Filter>Shaders</Filter>
    </None>
    <None Include="..\Game\Shaders\FragmentShaders\Shadows.fs">
      <Filter>Shaders</Filter>
    </None>
    <None Include="..\Game\Shaders\VertexShaders\Shadows.vs">
      <Filter>Shaders</Filter>
    </None>
    <None Include="..\Game\Shaders\FragmentShaders\Skybox.fs">
      <Filter>Shaders</Filter>
    </None>
    <None Include="..\Game\Shaders\VertexShaders\Skybox.vs">
      <Filter>Shaders</Filter>
    </None>
    <None Include="..\Game\Shaders\FragmentShaders\Trail.fs">
      <Filter>Shaders</Filter>
    </None>
    <None Include="..\Game\Shaders\VertexShaders\Trail.vs">
      <Filter>Shaders</Filter>
    </None>
    <None Include="..\Game\Shaders\FragmentShaders\PostProcess.fs">
      <Filter>Shaders</Filter>
    </None>
    <None Include="..\Game\Shaders\VertexShaders\PostProcess.vs">
      <Filter>Shaders</Filter>
    </None>
    <None Include="..\Game\Shaders\FragmentShaders\DebugNav.fs">
      <Filter>Shaders</Filter>
    </None>
    <None Include="..\Game\Shaders\VertexShaders\DebugNav.vs">
      <Filter>Shaders</Filter>
    </None>
  </ItemGroup>
</Project>